// !$*UTF8*$!
{
	archiveVersion = 1;
	classes = {
	};
	objectVersion = 50;
	objects = {

/* Begin PBXBuildFile section */
		960B52F3217FEDA3004754A5 /* RomanClockView.swift in Sources */ = {isa = PBXBuildFile; fileRef = 960B52F2217FEDA3004754A5 /* RomanClockView.swift */; };
		9621BF2A215C521800C8EBB3 /* AppDelegate.swift in Sources */ = {isa = PBXBuildFile; fileRef = 9621BF29215C521800C8EBB3 /* AppDelegate.swift */; };
		9621BF2C215C521800C8EBB3 /* ViewController.swift in Sources */ = {isa = PBXBuildFile; fileRef = 9621BF2B215C521800C8EBB3 /* ViewController.swift */; };
		9621BF2F215C521800C8EBB3 /* Main.storyboard in Resources */ = {isa = PBXBuildFile; fileRef = 9621BF2D215C521800C8EBB3 /* Main.storyboard */; };
		9621BF31215C521A00C8EBB3 /* Assets.xcassets in Resources */ = {isa = PBXBuildFile; fileRef = 9621BF30215C521A00C8EBB3 /* Assets.xcassets */; };
		9621BF34215C521A00C8EBB3 /* LaunchScreen.storyboard in Resources */ = {isa = PBXBuildFile; fileRef = 9621BF32215C521A00C8EBB3 /* LaunchScreen.storyboard */; };
		965DF66D21A3E1D200A40698 /* UIBezierPath+Pie.swift in Sources */ = {isa = PBXBuildFile; fileRef = 965DF66C21A3E1D200A40698 /* UIBezierPath+Pie.swift */; };
		965DF66F21A66D8600A40698 /* SunriseSunset.swift in Sources */ = {isa = PBXBuildFile; fileRef = 965DF66E21A66D8600A40698 /* SunriseSunset.swift */; };
		965DF67221A6719000A40698 /* Date+Trigonometry.swift in Sources */ = {isa = PBXBuildFile; fileRef = 965DF67121A6719000A40698 /* Date+Trigonometry.swift */; };
		965DF67421A6740200A40698 /* HourLinesLayer.swift in Sources */ = {isa = PBXBuildFile; fileRef = 965DF67321A6740200A40698 /* HourLinesLayer.swift */; };
		965DF67621A72E3600A40698 /* DaylightLayer.swift in Sources */ = {isa = PBXBuildFile; fileRef = 965DF67521A72E3600A40698 /* DaylightLayer.swift */; };
		965DF67821A7B49A00A40698 /* ClockLayer.swift in Sources */ = {isa = PBXBuildFile; fileRef = 965DF67721A7B49A00A40698 /* ClockLayer.swift */; };
		965DF67A21A7BCF800A40698 /* ModernHourMarksLayer.swift in Sources */ = {isa = PBXBuildFile; fileRef = 965DF67921A7BCF700A40698 /* ModernHourMarksLayer.swift */; };
		965DF67D21A84FD900A40698 /* ModernHourMarksLayerTests.swift in Sources */ = {isa = PBXBuildFile; fileRef = 965DF67C21A84FD900A40698 /* ModernHourMarksLayerTests.swift */; };
		965DF68321AA6DF700A40698 /* SunriseSunsetProvider.swift in Sources */ = {isa = PBXBuildFile; fileRef = 965DF68221AA6DF700A40698 /* SunriseSunsetProvider.swift */; };
		965DF68521AB030A00A40698 /* SunriseSunsetDotOrgProvider.swift in Sources */ = {isa = PBXBuildFile; fileRef = 965DF68421AB030A00A40698 /* SunriseSunsetDotOrgProvider.swift */; };
		967547A121F6D92000A6DA63 /* RomanHourMarksLayer.swift in Sources */ = {isa = PBXBuildFile; fileRef = 967547A021F6D92000A6DA63 /* RomanHourMarksLayer.swift */; };
		967547A321F7F6FC00A6DA63 /* CALayer+Geometry.swift in Sources */ = {isa = PBXBuildFile; fileRef = 967547A221F7F6FC00A6DA63 /* CALayer+Geometry.swift */; };
		967547A521F7F86900A6DA63 /* CALayer+GeometryTests.swift in Sources */ = {isa = PBXBuildFile; fileRef = 967547A421F7F86900A6DA63 /* CALayer+GeometryTests.swift */; };
		967547A721F9755F00A6DA63 /* CLLocationCoordinate2D+Formatting.swift in Sources */ = {isa = PBXBuildFile; fileRef = 967547A621F9755F00A6DA63 /* CLLocationCoordinate2D+Formatting.swift */; };
		967547AB21F9782000A6DA63 /* CLLocationCoordinate2D+FormattingTests.swift in Sources */ = {isa = PBXBuildFile; fileRef = 967547AA21F9782000A6DA63 /* CLLocationCoordinate2D+FormattingTests.swift */; };
		967547AD21F9BB6C00A6DA63 /* SunriseSunsetTests.swift in Sources */ = {isa = PBXBuildFile; fileRef = 967547AC21F9BB6C00A6DA63 /* SunriseSunsetTests.swift */; };
		967547AF21F9BF6E00A6DA63 /* ClockLayerTests.swift in Sources */ = {isa = PBXBuildFile; fileRef = 967547AE21F9BF6E00A6DA63 /* ClockLayerTests.swift */; };
		967547B121FAB62900A6DA63 /* ElapsedTimeLayer.swift in Sources */ = {isa = PBXBuildFile; fileRef = 967547B021FAB62800A6DA63 /* ElapsedTimeLayer.swift */; };
		96AFE43121FDF4E100F767E2 /* ClockSubfaceLayer.swift in Sources */ = {isa = PBXBuildFile; fileRef = 96AFE43021FDF4E100F767E2 /* ClockSubfaceLayer.swift */; };
		96AFE43521FEB4D700F767E2 /* RomanNumerals.swift in Sources */ = {isa = PBXBuildFile; fileRef = 96AFE43421FEB4D700F767E2 /* RomanNumerals.swift */; };
		96DCE694216474F300E6A95F /* Stylobate.framework in Frameworks */ = {isa = PBXBuildFile; fileRef = 96DCE692216474F300E6A95F /* Stylobate.framework */; };
		96DCE695216474F300E6A95F /* Stylobate.framework in Embed Frameworks */ = {isa = PBXBuildFile; fileRef = 96DCE692216474F300E6A95F /* Stylobate.framework */; settings = {ATTRIBUTES = (CodeSignOnCopy, RemoveHeadersOnCopy, ); }; };
		96DCE696216474F300E6A95F /* PromiseKit.framework in Frameworks */ = {isa = PBXBuildFile; fileRef = 96DCE693216474F300E6A95F /* PromiseKit.framework */; };
		96DCE697216474F300E6A95F /* PromiseKit.framework in Embed Frameworks */ = {isa = PBXBuildFile; fileRef = 96DCE693216474F300E6A95F /* PromiseKit.framework */; settings = {ATTRIBUTES = (CodeSignOnCopy, RemoveHeadersOnCopy, ); }; };
		96DCE69A2166FEA100E6A95F /* PMKFoundation.framework in Frameworks */ = {isa = PBXBuildFile; fileRef = 96DCE6982166FEA100E6A95F /* PMKFoundation.framework */; };
		96DCE69B2166FEA100E6A95F /* PMKFoundation.framework in Embed Frameworks */ = {isa = PBXBuildFile; fileRef = 96DCE6982166FEA100E6A95F /* PMKFoundation.framework */; settings = {ATTRIBUTES = (CodeSignOnCopy, RemoveHeadersOnCopy, ); }; };
		96DCE69C2166FEA100E6A95F /* PMKCoreLocation.framework in Frameworks */ = {isa = PBXBuildFile; fileRef = 96DCE6992166FEA100E6A95F /* PMKCoreLocation.framework */; };
		96DCE69D2166FEA100E6A95F /* PMKCoreLocation.framework in Embed Frameworks */ = {isa = PBXBuildFile; fileRef = 96DCE6992166FEA100E6A95F /* PMKCoreLocation.framework */; settings = {ATTRIBUTES = (CodeSignOnCopy, RemoveHeadersOnCopy, ); }; };
		96DCE6A7216F088600E6A95F /* PMKCoreLocation.framework in Frameworks */ = {isa = PBXBuildFile; fileRef = 96DCE6992166FEA100E6A95F /* PMKCoreLocation.framework */; };
		96DCE6A8216F088600E6A95F /* PMKFoundation.framework in Frameworks */ = {isa = PBXBuildFile; fileRef = 96DCE6982166FEA100E6A95F /* PMKFoundation.framework */; };
		96DCE6A9216F088600E6A95F /* PromiseKit.framework in Frameworks */ = {isa = PBXBuildFile; fileRef = 96DCE693216474F300E6A95F /* PromiseKit.framework */; };
		96DCE6AA216F088600E6A95F /* Stylobate.framework in Frameworks */ = {isa = PBXBuildFile; fileRef = 96DCE692216474F300E6A95F /* Stylobate.framework */; };
		AD3348A521AF3B1A0032348D /* MockSunriseSunsetProvider.swift in Sources */ = {isa = PBXBuildFile; fileRef = AD3348A421AF3B1A0032348D /* MockSunriseSunsetProvider.swift */; };
		AD5A718921B0AE2D0051820C /* RomanClockLayer.swift in Sources */ = {isa = PBXBuildFile; fileRef = AD5A718821B0AE2D0051820C /* RomanClockLayer.swift */; };
		ADB8735221FA658600F2FE54 /* NighttimeLayer.swift in Sources */ = {isa = PBXBuildFile; fileRef = ADB8735121FA658600F2FE54 /* NighttimeLayer.swift */; };
/* End PBXBuildFile section */

/* Begin PBXContainerItemProxy section */
		9621BF3B215C521A00C8EBB3 /* PBXContainerItemProxy */ = {
			isa = PBXContainerItemProxy;
			containerPortal = 9621BF1E215C521700C8EBB3 /* Project object */;
			proxyType = 1;
			remoteGlobalIDString = 9621BF25215C521800C8EBB3;
			remoteInfo = "Tempus Romanum";
		};
/* End PBXContainerItemProxy section */

/* Begin PBXCopyFilesBuildPhase section */
		9621BF77215C521C00C8EBB3 /* Embed Watch Content */ = {
			isa = PBXCopyFilesBuildPhase;
			buildActionMask = 2147483647;
			dstPath = "$(CONTENTS_FOLDER_PATH)/Watch";
			dstSubfolderSpec = 16;
			files = (
			);
			name = "Embed Watch Content";
			runOnlyForDeploymentPostprocessing = 0;
		};
		96DCE68B21644FE700E6A95F /* Embed Frameworks */ = {
			isa = PBXCopyFilesBuildPhase;
			buildActionMask = 2147483647;
			dstPath = "";
			dstSubfolderSpec = 10;
			files = (
				96DCE695216474F300E6A95F /* Stylobate.framework in Embed Frameworks */,
				96DCE69B2166FEA100E6A95F /* PMKFoundation.framework in Embed Frameworks */,
				96DCE697216474F300E6A95F /* PromiseKit.framework in Embed Frameworks */,
				96DCE69D2166FEA100E6A95F /* PMKCoreLocation.framework in Embed Frameworks */,
			);
			name = "Embed Frameworks";
			runOnlyForDeploymentPostprocessing = 0;
		};
/* End PBXCopyFilesBuildPhase section */

/* Begin PBXFileReference section */
		960B52F2217FEDA3004754A5 /* RomanClockView.swift */ = {isa = PBXFileReference; lastKnownFileType = sourcecode.swift; path = RomanClockView.swift; sourceTree = "<group>"; };
		9621BF26215C521800C8EBB3 /* Tempus Romanum.app */ = {isa = PBXFileReference; explicitFileType = wrapper.application; includeInIndex = 0; path = "Tempus Romanum.app"; sourceTree = BUILT_PRODUCTS_DIR; };
		9621BF29215C521800C8EBB3 /* AppDelegate.swift */ = {isa = PBXFileReference; lastKnownFileType = sourcecode.swift; path = AppDelegate.swift; sourceTree = "<group>"; };
		9621BF2B215C521800C8EBB3 /* ViewController.swift */ = {isa = PBXFileReference; lastKnownFileType = sourcecode.swift; path = ViewController.swift; sourceTree = "<group>"; };
		9621BF2E215C521800C8EBB3 /* Base */ = {isa = PBXFileReference; lastKnownFileType = file.storyboard; name = Base; path = Base.lproj/Main.storyboard; sourceTree = "<group>"; };
		9621BF30215C521A00C8EBB3 /* Assets.xcassets */ = {isa = PBXFileReference; lastKnownFileType = folder.assetcatalog; path = Assets.xcassets; sourceTree = "<group>"; };
		9621BF33215C521A00C8EBB3 /* Base */ = {isa = PBXFileReference; lastKnownFileType = file.storyboard; name = Base; path = Base.lproj/LaunchScreen.storyboard; sourceTree = "<group>"; };
		9621BF35215C521A00C8EBB3 /* Info.plist */ = {isa = PBXFileReference; lastKnownFileType = text.plist.xml; path = Info.plist; sourceTree = "<group>"; };
		9621BF3A215C521A00C8EBB3 /* Tempus RomanumTests.xctest */ = {isa = PBXFileReference; explicitFileType = wrapper.cfbundle; includeInIndex = 0; path = "Tempus RomanumTests.xctest"; sourceTree = BUILT_PRODUCTS_DIR; };
		9621BF40215C521A00C8EBB3 /* Info.plist */ = {isa = PBXFileReference; lastKnownFileType = text.plist.xml; path = Info.plist; sourceTree = "<group>"; };
		9621BF4B215C521A00C8EBB3 /* Info.plist */ = {isa = PBXFileReference; lastKnownFileType = text.plist.xml; path = Info.plist; sourceTree = "<group>"; };
		965DF66C21A3E1D200A40698 /* UIBezierPath+Pie.swift */ = {isa = PBXFileReference; lastKnownFileType = sourcecode.swift; path = "UIBezierPath+Pie.swift"; sourceTree = "<group>"; };
		965DF66E21A66D8600A40698 /* SunriseSunset.swift */ = {isa = PBXFileReference; lastKnownFileType = sourcecode.swift; path = SunriseSunset.swift; sourceTree = "<group>"; };
		965DF67121A6719000A40698 /* Date+Trigonometry.swift */ = {isa = PBXFileReference; lastKnownFileType = sourcecode.swift; path = "Date+Trigonometry.swift"; sourceTree = "<group>"; };
		965DF67321A6740200A40698 /* HourLinesLayer.swift */ = {isa = PBXFileReference; lastKnownFileType = sourcecode.swift; path = HourLinesLayer.swift; sourceTree = "<group>"; };
		965DF67521A72E3600A40698 /* DaylightLayer.swift */ = {isa = PBXFileReference; lastKnownFileType = sourcecode.swift; path = DaylightLayer.swift; sourceTree = "<group>"; };
		965DF67721A7B49A00A40698 /* ClockLayer.swift */ = {isa = PBXFileReference; lastKnownFileType = sourcecode.swift; path = ClockLayer.swift; sourceTree = "<group>"; };
		965DF67921A7BCF700A40698 /* ModernHourMarksLayer.swift */ = {isa = PBXFileReference; lastKnownFileType = sourcecode.swift; path = ModernHourMarksLayer.swift; sourceTree = "<group>"; };
		965DF67C21A84FD900A40698 /* ModernHourMarksLayerTests.swift */ = {isa = PBXFileReference; lastKnownFileType = sourcecode.swift; path = ModernHourMarksLayerTests.swift; sourceTree = "<group>"; };
		965DF68221AA6DF700A40698 /* SunriseSunsetProvider.swift */ = {isa = PBXFileReference; lastKnownFileType = sourcecode.swift; path = SunriseSunsetProvider.swift; sourceTree = "<group>"; };
		965DF68421AB030A00A40698 /* SunriseSunsetDotOrgProvider.swift */ = {isa = PBXFileReference; lastKnownFileType = sourcecode.swift; path = SunriseSunsetDotOrgProvider.swift; sourceTree = "<group>"; };
		967547A021F6D92000A6DA63 /* RomanHourMarksLayer.swift */ = {isa = PBXFileReference; lastKnownFileType = sourcecode.swift; path = RomanHourMarksLayer.swift; sourceTree = "<group>"; };
		967547A221F7F6FC00A6DA63 /* CALayer+Geometry.swift */ = {isa = PBXFileReference; lastKnownFileType = sourcecode.swift; path = "CALayer+Geometry.swift"; sourceTree = "<group>"; };
		967547A421F7F86900A6DA63 /* CALayer+GeometryTests.swift */ = {isa = PBXFileReference; lastKnownFileType = sourcecode.swift; path = "CALayer+GeometryTests.swift"; sourceTree = "<group>"; };
		967547A621F9755F00A6DA63 /* CLLocationCoordinate2D+Formatting.swift */ = {isa = PBXFileReference; lastKnownFileType = sourcecode.swift; path = "CLLocationCoordinate2D+Formatting.swift"; sourceTree = "<group>"; };
		967547AA21F9782000A6DA63 /* CLLocationCoordinate2D+FormattingTests.swift */ = {isa = PBXFileReference; lastKnownFileType = sourcecode.swift; path = "CLLocationCoordinate2D+FormattingTests.swift"; sourceTree = "<group>"; };
		967547AC21F9BB6C00A6DA63 /* SunriseSunsetTests.swift */ = {isa = PBXFileReference; lastKnownFileType = sourcecode.swift; path = SunriseSunsetTests.swift; sourceTree = "<group>"; };
		967547AE21F9BF6E00A6DA63 /* ClockLayerTests.swift */ = {isa = PBXFileReference; lastKnownFileType = sourcecode.swift; path = ClockLayerTests.swift; sourceTree = "<group>"; };
		967547B021FAB62800A6DA63 /* ElapsedTimeLayer.swift */ = {isa = PBXFileReference; lastKnownFileType = sourcecode.swift; path = ElapsedTimeLayer.swift; sourceTree = "<group>"; };
		96AFE43021FDF4E100F767E2 /* ClockSubfaceLayer.swift */ = {isa = PBXFileReference; lastKnownFileType = sourcecode.swift; path = ClockSubfaceLayer.swift; sourceTree = "<group>"; };
		96AFE43421FEB4D700F767E2 /* RomanNumerals.swift */ = {isa = PBXFileReference; lastKnownFileType = sourcecode.swift; path = RomanNumerals.swift; sourceTree = "<group>"; };
		96DCE692216474F300E6A95F /* Stylobate.framework */ = {isa = PBXFileReference; lastKnownFileType = wrapper.framework; name = Stylobate.framework; path = Carthage/Build/iOS/Stylobate.framework; sourceTree = "<group>"; };
		96DCE693216474F300E6A95F /* PromiseKit.framework */ = {isa = PBXFileReference; lastKnownFileType = wrapper.framework; name = PromiseKit.framework; path = Carthage/Build/iOS/PromiseKit.framework; sourceTree = "<group>"; };
		96DCE6982166FEA100E6A95F /* PMKFoundation.framework */ = {isa = PBXFileReference; lastKnownFileType = wrapper.framework; name = PMKFoundation.framework; path = Carthage/Build/iOS/PMKFoundation.framework; sourceTree = "<group>"; };
		96DCE6992166FEA100E6A95F /* PMKCoreLocation.framework */ = {isa = PBXFileReference; lastKnownFileType = wrapper.framework; name = PMKCoreLocation.framework; path = Carthage/Build/iOS/PMKCoreLocation.framework; sourceTree = "<group>"; };
		96DCE6A2216C5A1A00E6A95F /* Tempus_RomanumUITests.swift */ = {isa = PBXFileReference; fileEncoding = 4; lastKnownFileType = sourcecode.swift; path = Tempus_RomanumUITests.swift; sourceTree = "<group>"; };
		AD3348A421AF3B1A0032348D /* MockSunriseSunsetProvider.swift */ = {isa = PBXFileReference; lastKnownFileType = sourcecode.swift; path = MockSunriseSunsetProvider.swift; sourceTree = "<group>"; };
		AD5A718821B0AE2D0051820C /* RomanClockLayer.swift */ = {isa = PBXFileReference; lastKnownFileType = sourcecode.swift; path = RomanClockLayer.swift; sourceTree = "<group>"; };
		ADB8735121FA658600F2FE54 /* NighttimeLayer.swift */ = {isa = PBXFileReference; lastKnownFileType = sourcecode.swift; path = NighttimeLayer.swift; sourceTree = "<group>"; };
/* End PBXFileReference section */

/* Begin PBXFrameworksBuildPhase section */
		9621BF23215C521800C8EBB3 /* Frameworks */ = {
			isa = PBXFrameworksBuildPhase;
			buildActionMask = 2147483647;
			files = (
				96DCE694216474F300E6A95F /* Stylobate.framework in Frameworks */,
				96DCE69A2166FEA100E6A95F /* PMKFoundation.framework in Frameworks */,
				96DCE696216474F300E6A95F /* PromiseKit.framework in Frameworks */,
				96DCE69C2166FEA100E6A95F /* PMKCoreLocation.framework in Frameworks */,
			);
			runOnlyForDeploymentPostprocessing = 0;
		};
		9621BF37215C521A00C8EBB3 /* Frameworks */ = {
			isa = PBXFrameworksBuildPhase;
			buildActionMask = 2147483647;
			files = (
				96DCE6A7216F088600E6A95F /* PMKCoreLocation.framework in Frameworks */,
				96DCE6A8216F088600E6A95F /* PMKFoundation.framework in Frameworks */,
				96DCE6A9216F088600E6A95F /* PromiseKit.framework in Frameworks */,
				96DCE6AA216F088600E6A95F /* Stylobate.framework in Frameworks */,
			);
			runOnlyForDeploymentPostprocessing = 0;
		};
/* End PBXFrameworksBuildPhase section */

/* Begin PBXGroup section */
		9621BF1D215C521700C8EBB3 = {
			isa = PBXGroup;
			children = (
				9621BF28215C521800C8EBB3 /* Source */,
				9621BF3D215C521A00C8EBB3 /* Tests */,
				9621BF48215C521A00C8EBB3 /* UI Tests */,
				96DCE6992166FEA100E6A95F /* PMKCoreLocation.framework */,
				96DCE6982166FEA100E6A95F /* PMKFoundation.framework */,
				96DCE693216474F300E6A95F /* PromiseKit.framework */,
				96DCE692216474F300E6A95F /* Stylobate.framework */,
				9621BF27215C521800C8EBB3 /* Products */,
				96DCE6A6216F088600E6A95F /* Frameworks */,
			);
			sourceTree = "<group>";
		};
		9621BF27215C521800C8EBB3 /* Products */ = {
			isa = PBXGroup;
			children = (
				9621BF26215C521800C8EBB3 /* Tempus Romanum.app */,
				9621BF3A215C521A00C8EBB3 /* Tempus RomanumTests.xctest */,
			);
			name = Products;
			sourceTree = "<group>";
		};
		9621BF28215C521800C8EBB3 /* Source */ = {
			isa = PBXGroup;
			children = (
				9621BF29215C521800C8EBB3 /* AppDelegate.swift */,
				9621BF30215C521A00C8EBB3 /* Assets.xcassets */,
				9621BF35215C521A00C8EBB3 /* Info.plist */,
				9621BF32215C521A00C8EBB3 /* LaunchScreen.storyboard */,
				9621BF2D215C521800C8EBB3 /* Main.storyboard */,
				965DF68621AB039700A40698 /* Sunrise & Sunset */,
				9621BF2B215C521800C8EBB3 /* ViewController.swift */,
				965DF67021A6713D00A40698 /* Views */,
				96AFE43421FEB4D700F767E2 /* RomanNumerals.swift */,
			);
			path = Source;
			sourceTree = "<group>";
		};
		9621BF3D215C521A00C8EBB3 /* Tests */ = {
			isa = PBXGroup;
			children = (
				967547A421F7F86900A6DA63 /* CALayer+GeometryTests.swift */,
				9621BF40215C521A00C8EBB3 /* Info.plist */,
				967547A821F977E900A6DA63 /* Sunrise & Sunset */,
				965DF67B21A84FB300A40698 /* Views */,
			);
			path = Tests;
			sourceTree = "<group>";
		};
		9621BF48215C521A00C8EBB3 /* UI Tests */ = {
			isa = PBXGroup;
			children = (
				9621BF4B215C521A00C8EBB3 /* Info.plist */,
				96DCE6A2216C5A1A00E6A95F /* Tempus_RomanumUITests.swift */,
			);
			path = "UI Tests";
			sourceTree = "<group>";
		};
		965DF67021A6713D00A40698 /* Views */ = {
			isa = PBXGroup;
			children = (
				967547A221F7F6FC00A6DA63 /* CALayer+Geometry.swift */,
				965DF67721A7B49A00A40698 /* ClockLayer.swift */,
				96AFE43021FDF4E100F767E2 /* ClockSubfaceLayer.swift */,
				965DF67121A6719000A40698 /* Date+Trigonometry.swift */,
				965DF67521A72E3600A40698 /* DaylightLayer.swift */,
				967547B021FAB62800A6DA63 /* ElapsedTimeLayer.swift */,
				965DF67321A6740200A40698 /* HourLinesLayer.swift */,
				965DF67921A7BCF700A40698 /* ModernHourMarksLayer.swift */,
				ADB8735121FA658600F2FE54 /* NighttimeLayer.swift */,
				AD5A718821B0AE2D0051820C /* RomanClockLayer.swift */,
				960B52F2217FEDA3004754A5 /* RomanClockView.swift */,
				967547A021F6D92000A6DA63 /* RomanHourMarksLayer.swift */,
				965DF66C21A3E1D200A40698 /* UIBezierPath+Pie.swift */,
			);
			path = Views;
			sourceTree = "<group>";
		};
		965DF67B21A84FB300A40698 /* Views */ = {
			isa = PBXGroup;
			children = (
				967547AE21F9BF6E00A6DA63 /* ClockLayerTests.swift */,
				965DF67C21A84FD900A40698 /* ModernHourMarksLayerTests.swift */,
			);
			path = Views;
			sourceTree = "<group>";
		};
		965DF68621AB039700A40698 /* Sunrise & Sunset */ = {
			isa = PBXGroup;
			children = (
				967547A621F9755F00A6DA63 /* CLLocationCoordinate2D+Formatting.swift */,
				AD3348A421AF3B1A0032348D /* MockSunriseSunsetProvider.swift */,
				965DF66E21A66D8600A40698 /* SunriseSunset.swift */,
				965DF68421AB030A00A40698 /* SunriseSunsetDotOrgProvider.swift */,
				965DF68221AA6DF700A40698 /* SunriseSunsetProvider.swift */,
			);
			path = "Sunrise & Sunset";
			sourceTree = "<group>";
		};
		967547A821F977E900A6DA63 /* Sunrise & Sunset */ = {
			isa = PBXGroup;
			children = (
				967547AA21F9782000A6DA63 /* CLLocationCoordinate2D+FormattingTests.swift */,
				967547AC21F9BB6C00A6DA63 /* SunriseSunsetTests.swift */,
			);
			path = "Sunrise & Sunset";
			sourceTree = "<group>";
		};
		96DCE6A6216F088600E6A95F /* Frameworks */ = {
			isa = PBXGroup;
			children = (
			);
			name = Frameworks;
			sourceTree = "<group>";
		};
/* End PBXGroup section */

/* Begin PBXNativeTarget section */
		9621BF25215C521800C8EBB3 /* Tempus Romanum */ = {
			isa = PBXNativeTarget;
			buildConfigurationList = 9621BF78215C521C00C8EBB3 /* Build configuration list for PBXNativeTarget "Tempus Romanum" */;
			buildPhases = (
				9621BF22215C521800C8EBB3 /* Sources */,
				9621BF23215C521800C8EBB3 /* Frameworks */,
				9621BF24215C521800C8EBB3 /* Resources */,
				9621BF77215C521C00C8EBB3 /* Embed Watch Content */,
				96DCE68B21644FE700E6A95F /* Embed Frameworks */,
			);
			buildRules = (
			);
			dependencies = (
			);
			name = "Tempus Romanum";
			productName = "Tempus Romanum";
			productReference = 9621BF26215C521800C8EBB3 /* Tempus Romanum.app */;
			productType = "com.apple.product-type.application";
		};
		9621BF39215C521A00C8EBB3 /* Tempus RomanumTests */ = {
			isa = PBXNativeTarget;
			buildConfigurationList = 9621BF7B215C521C00C8EBB3 /* Build configuration list for PBXNativeTarget "Tempus RomanumTests" */;
			buildPhases = (
				9621BF36215C521A00C8EBB3 /* Sources */,
				9621BF37215C521A00C8EBB3 /* Frameworks */,
				9621BF38215C521A00C8EBB3 /* Resources */,
			);
			buildRules = (
			);
			dependencies = (
				9621BF3C215C521A00C8EBB3 /* PBXTargetDependency */,
			);
			name = "Tempus RomanumTests";
			productName = "Tempus RomanumTests";
			productReference = 9621BF3A215C521A00C8EBB3 /* Tempus RomanumTests.xctest */;
			productType = "com.apple.product-type.bundle.unit-test";
		};
/* End PBXNativeTarget section */

/* Begin PBXProject section */
		9621BF1E215C521700C8EBB3 /* Project object */ = {
			isa = PBXProject;
			attributes = {
				LastSwiftUpdateCheck = 1000;
				LastUpgradeCheck = 1000;
				ORGANIZATIONNAME = "Poikile Creations";
				TargetAttributes = {
					9621BF25215C521800C8EBB3 = {
						CreatedOnToolsVersion = 10.0;
					};
					9621BF39215C521A00C8EBB3 = {
						CreatedOnToolsVersion = 10.0;
						TestTargetID = 9621BF25215C521800C8EBB3;
					};
				};
			};
			buildConfigurationList = 9621BF21215C521700C8EBB3 /* Build configuration list for PBXProject "Tempus Romanum" */;
			compatibilityVersion = "Xcode 9.3";
			developmentRegion = en;
			hasScannedForEncodings = 0;
			knownRegions = (
				en,
				Base,
			);
			mainGroup = 9621BF1D215C521700C8EBB3;
			productRefGroup = 9621BF27215C521800C8EBB3 /* Products */;
			projectDirPath = "";
			projectRoot = "";
			targets = (
				9621BF25215C521800C8EBB3 /* Tempus Romanum */,
				9621BF39215C521A00C8EBB3 /* Tempus RomanumTests */,
			);
		};
/* End PBXProject section */

/* Begin PBXResourcesBuildPhase section */
		9621BF24215C521800C8EBB3 /* Resources */ = {
			isa = PBXResourcesBuildPhase;
			buildActionMask = 2147483647;
			files = (
				9621BF34215C521A00C8EBB3 /* LaunchScreen.storyboard in Resources */,
				9621BF31215C521A00C8EBB3 /* Assets.xcassets in Resources */,
				9621BF2F215C521800C8EBB3 /* Main.storyboard in Resources */,
			);
			runOnlyForDeploymentPostprocessing = 0;
		};
		9621BF38215C521A00C8EBB3 /* Resources */ = {
			isa = PBXResourcesBuildPhase;
			buildActionMask = 2147483647;
			files = (
			);
			runOnlyForDeploymentPostprocessing = 0;
		};
/* End PBXResourcesBuildPhase section */

/* Begin PBXSourcesBuildPhase section */
		9621BF22215C521800C8EBB3 /* Sources */ = {
			isa = PBXSourcesBuildPhase;
			buildActionMask = 2147483647;
			files = (
				96AFE43121FDF4E100F767E2 /* ClockSubfaceLayer.swift in Sources */,
				965DF66F21A66D8600A40698 /* SunriseSunset.swift in Sources */,
				965DF67421A6740200A40698 /* HourLinesLayer.swift in Sources */,
				965DF67821A7B49A00A40698 /* ClockLayer.swift in Sources */,
				965DF67A21A7BCF800A40698 /* ModernHourMarksLayer.swift in Sources */,
				AD5A718921B0AE2D0051820C /* RomanClockLayer.swift in Sources */,
				AD3348A521AF3B1A0032348D /* MockSunriseSunsetProvider.swift in Sources */,
				965DF66D21A3E1D200A40698 /* UIBezierPath+Pie.swift in Sources */,
				965DF67621A72E3600A40698 /* DaylightLayer.swift in Sources */,
				960B52F3217FEDA3004754A5 /* RomanClockView.swift in Sources */,
				967547B121FAB62900A6DA63 /* ElapsedTimeLayer.swift in Sources */,
				9621BF2C215C521800C8EBB3 /* ViewController.swift in Sources */,
				965DF67221A6719000A40698 /* Date+Trigonometry.swift in Sources */,
				965DF68321AA6DF700A40698 /* SunriseSunsetProvider.swift in Sources */,
				9621BF2A215C521800C8EBB3 /* AppDelegate.swift in Sources */,
				967547A721F9755F00A6DA63 /* CLLocationCoordinate2D+Formatting.swift in Sources */,
				967547A121F6D92000A6DA63 /* RomanHourMarksLayer.swift in Sources */,
				965DF68521AB030A00A40698 /* SunriseSunsetDotOrgProvider.swift in Sources */,
				967547A321F7F6FC00A6DA63 /* CALayer+Geometry.swift in Sources */,
				ADB8735221FA658600F2FE54 /* NighttimeLayer.swift in Sources */,
				96AFE43521FEB4D700F767E2 /* RomanNumerals.swift in Sources */,
			);
			runOnlyForDeploymentPostprocessing = 0;
		};
		9621BF36215C521A00C8EBB3 /* Sources */ = {
			isa = PBXSourcesBuildPhase;
			buildActionMask = 2147483647;
			files = (
				967547AF21F9BF6E00A6DA63 /* ClockLayerTests.swift in Sources */,
				967547A521F7F86900A6DA63 /* CALayer+GeometryTests.swift in Sources */,
				967547AD21F9BB6C00A6DA63 /* SunriseSunsetTests.swift in Sources */,
				967547AB21F9782000A6DA63 /* CLLocationCoordinate2D+FormattingTests.swift in Sources */,
				965DF67D21A84FD900A40698 /* ModernHourMarksLayerTests.swift in Sources */,
			);
			runOnlyForDeploymentPostprocessing = 0;
		};
/* End PBXSourcesBuildPhase section */

/* Begin PBXTargetDependency section */
		9621BF3C215C521A00C8EBB3 /* PBXTargetDependency */ = {
			isa = PBXTargetDependency;
			target = 9621BF25215C521800C8EBB3 /* Tempus Romanum */;
			targetProxy = 9621BF3B215C521A00C8EBB3 /* PBXContainerItemProxy */;
		};
/* End PBXTargetDependency section */

/* Begin PBXVariantGroup section */
		9621BF2D215C521800C8EBB3 /* Main.storyboard */ = {
			isa = PBXVariantGroup;
			children = (
				9621BF2E215C521800C8EBB3 /* Base */,
			);
			name = Main.storyboard;
			sourceTree = "<group>";
		};
		9621BF32215C521A00C8EBB3 /* LaunchScreen.storyboard */ = {
			isa = PBXVariantGroup;
			children = (
				9621BF33215C521A00C8EBB3 /* Base */,
			);
			name = LaunchScreen.storyboard;
			sourceTree = "<group>";
		};
/* End PBXVariantGroup section */

/* Begin XCBuildConfiguration section */
		9621BF6E215C521C00C8EBB3 /* Debug */ = {
			isa = XCBuildConfiguration;
			buildSettings = {
				ALWAYS_SEARCH_USER_PATHS = NO;
				CLANG_ANALYZER_NONNULL = YES;
				CLANG_ANALYZER_NUMBER_OBJECT_CONVERSION = YES_AGGRESSIVE;
				CLANG_CXX_LANGUAGE_STANDARD = "gnu++14";
				CLANG_CXX_LIBRARY = "libc++";
				CLANG_ENABLE_MODULES = YES;
				CLANG_ENABLE_OBJC_ARC = YES;
				CLANG_ENABLE_OBJC_WEAK = YES;
				CLANG_WARN_BLOCK_CAPTURE_AUTORELEASING = YES;
				CLANG_WARN_BOOL_CONVERSION = YES;
				CLANG_WARN_COMMA = YES;
				CLANG_WARN_CONSTANT_CONVERSION = YES;
				CLANG_WARN_DEPRECATED_OBJC_IMPLEMENTATIONS = YES;
				CLANG_WARN_DIRECT_OBJC_ISA_USAGE = YES_ERROR;
				CLANG_WARN_DOCUMENTATION_COMMENTS = YES;
				CLANG_WARN_EMPTY_BODY = YES;
				CLANG_WARN_ENUM_CONVERSION = YES;
				CLANG_WARN_INFINITE_RECURSION = YES;
				CLANG_WARN_INT_CONVERSION = YES;
				CLANG_WARN_NON_LITERAL_NULL_CONVERSION = YES;
				CLANG_WARN_OBJC_IMPLICIT_RETAIN_SELF = YES;
				CLANG_WARN_OBJC_LITERAL_CONVERSION = YES;
				CLANG_WARN_OBJC_ROOT_CLASS = YES_ERROR;
				CLANG_WARN_RANGE_LOOP_ANALYSIS = YES;
				CLANG_WARN_STRICT_PROTOTYPES = YES;
				CLANG_WARN_SUSPICIOUS_MOVE = YES;
				CLANG_WARN_UNGUARDED_AVAILABILITY = YES_AGGRESSIVE;
				CLANG_WARN_UNREACHABLE_CODE = YES;
				CLANG_WARN__DUPLICATE_METHOD_MATCH = YES;
				CODE_SIGN_IDENTITY = "iPhone Developer";
				COPY_PHASE_STRIP = NO;
				DEBUG_INFORMATION_FORMAT = dwarf;
				ENABLE_STRICT_OBJC_MSGSEND = YES;
				ENABLE_TESTABILITY = YES;
				GCC_C_LANGUAGE_STANDARD = gnu11;
				GCC_DYNAMIC_NO_PIC = NO;
				GCC_NO_COMMON_BLOCKS = YES;
				GCC_OPTIMIZATION_LEVEL = 0;
				GCC_PREPROCESSOR_DEFINITIONS = (
					"DEBUG=1",
					"$(inherited)",
				);
				GCC_WARN_64_TO_32_BIT_CONVERSION = YES;
				GCC_WARN_ABOUT_RETURN_TYPE = YES_ERROR;
				GCC_WARN_UNDECLARED_SELECTOR = YES;
				GCC_WARN_UNINITIALIZED_AUTOS = YES_AGGRESSIVE;
				GCC_WARN_UNUSED_FUNCTION = YES;
				GCC_WARN_UNUSED_VARIABLE = YES;
				IPHONEOS_DEPLOYMENT_TARGET = 12.0;
				MTL_ENABLE_DEBUG_INFO = INCLUDE_SOURCE;
				MTL_FAST_MATH = YES;
				ONLY_ACTIVE_ARCH = YES;
				SDKROOT = iphoneos;
				SWIFT_ACTIVE_COMPILATION_CONDITIONS = DEBUG;
				SWIFT_OPTIMIZATION_LEVEL = "-Onone";
			};
			name = Debug;
		};
		9621BF6F215C521C00C8EBB3 /* Release */ = {
			isa = XCBuildConfiguration;
			buildSettings = {
				ALWAYS_SEARCH_USER_PATHS = NO;
				CLANG_ANALYZER_NONNULL = YES;
				CLANG_ANALYZER_NUMBER_OBJECT_CONVERSION = YES_AGGRESSIVE;
				CLANG_CXX_LANGUAGE_STANDARD = "gnu++14";
				CLANG_CXX_LIBRARY = "libc++";
				CLANG_ENABLE_MODULES = YES;
				CLANG_ENABLE_OBJC_ARC = YES;
				CLANG_ENABLE_OBJC_WEAK = YES;
				CLANG_WARN_BLOCK_CAPTURE_AUTORELEASING = YES;
				CLANG_WARN_BOOL_CONVERSION = YES;
				CLANG_WARN_COMMA = YES;
				CLANG_WARN_CONSTANT_CONVERSION = YES;
				CLANG_WARN_DEPRECATED_OBJC_IMPLEMENTATIONS = YES;
				CLANG_WARN_DIRECT_OBJC_ISA_USAGE = YES_ERROR;
				CLANG_WARN_DOCUMENTATION_COMMENTS = YES;
				CLANG_WARN_EMPTY_BODY = YES;
				CLANG_WARN_ENUM_CONVERSION = YES;
				CLANG_WARN_INFINITE_RECURSION = YES;
				CLANG_WARN_INT_CONVERSION = YES;
				CLANG_WARN_NON_LITERAL_NULL_CONVERSION = YES;
				CLANG_WARN_OBJC_IMPLICIT_RETAIN_SELF = YES;
				CLANG_WARN_OBJC_LITERAL_CONVERSION = YES;
				CLANG_WARN_OBJC_ROOT_CLASS = YES_ERROR;
				CLANG_WARN_RANGE_LOOP_ANALYSIS = YES;
				CLANG_WARN_STRICT_PROTOTYPES = YES;
				CLANG_WARN_SUSPICIOUS_MOVE = YES;
				CLANG_WARN_UNGUARDED_AVAILABILITY = YES_AGGRESSIVE;
				CLANG_WARN_UNREACHABLE_CODE = YES;
				CLANG_WARN__DUPLICATE_METHOD_MATCH = YES;
				CODE_SIGN_IDENTITY = "iPhone Developer";
				COPY_PHASE_STRIP = NO;
				DEBUG_INFORMATION_FORMAT = "dwarf-with-dsym";
				ENABLE_NS_ASSERTIONS = NO;
				ENABLE_STRICT_OBJC_MSGSEND = YES;
				GCC_C_LANGUAGE_STANDARD = gnu11;
				GCC_NO_COMMON_BLOCKS = YES;
				GCC_WARN_64_TO_32_BIT_CONVERSION = YES;
				GCC_WARN_ABOUT_RETURN_TYPE = YES_ERROR;
				GCC_WARN_UNDECLARED_SELECTOR = YES;
				GCC_WARN_UNINITIALIZED_AUTOS = YES_AGGRESSIVE;
				GCC_WARN_UNUSED_FUNCTION = YES;
				GCC_WARN_UNUSED_VARIABLE = YES;
				IPHONEOS_DEPLOYMENT_TARGET = 12.0;
				MTL_ENABLE_DEBUG_INFO = NO;
				MTL_FAST_MATH = YES;
				SDKROOT = iphoneos;
				SWIFT_COMPILATION_MODE = wholemodule;
				SWIFT_OPTIMIZATION_LEVEL = "-O";
				VALIDATE_PRODUCT = YES;
			};
			name = Release;
		};
		9621BF79215C521C00C8EBB3 /* Debug */ = {
			isa = XCBuildConfiguration;
			buildSettings = {
				ASSETCATALOG_COMPILER_APPICON_NAME = AppIcon;
				CODE_SIGN_STYLE = Automatic;
				DEVELOPMENT_TEAM = 3MY7LL9G36;
				FRAMEWORK_SEARCH_PATHS = (
					"$(inherited)",
					"$(PROJECT_DIR)/Carthage/Build/iOS",
				);
				INFOPLIST_FILE = Source/Info.plist;
				LD_RUNPATH_SEARCH_PATHS = (
					"$(inherited)",
					"@executable_path/Frameworks",
				);
				PRODUCT_BUNDLE_IDENTIFIER = "com.poikile.Tempus-Romanum";
				PRODUCT_NAME = "$(TARGET_NAME)";
				SWIFT_VERSION = 4.2;
				TARGETED_DEVICE_FAMILY = "1,2";
			};
			name = Debug;
		};
		9621BF7A215C521C00C8EBB3 /* Release */ = {
			isa = XCBuildConfiguration;
			buildSettings = {
				ASSETCATALOG_COMPILER_APPICON_NAME = AppIcon;
				CODE_SIGN_STYLE = Automatic;
				DEVELOPMENT_TEAM = 3MY7LL9G36;
				FRAMEWORK_SEARCH_PATHS = (
					"$(inherited)",
					"$(PROJECT_DIR)/Carthage/Build/iOS",
				);
				INFOPLIST_FILE = Source/Info.plist;
				LD_RUNPATH_SEARCH_PATHS = (
					"$(inherited)",
					"@executable_path/Frameworks",
				);
				PRODUCT_BUNDLE_IDENTIFIER = "com.poikile.Tempus-Romanum";
				PRODUCT_NAME = "$(TARGET_NAME)";
				SWIFT_VERSION = 4.2;
				TARGETED_DEVICE_FAMILY = "1,2";
			};
			name = Release;
		};
		9621BF7C215C521C00C8EBB3 /* Debug */ = {
			isa = XCBuildConfiguration;
			buildSettings = {
				ALWAYS_EMBED_SWIFT_STANDARD_LIBRARIES = YES;
				BUNDLE_LOADER = "$(TEST_HOST)";
				CODE_SIGN_STYLE = Automatic;
				DEVELOPMENT_TEAM = 3MY7LL9G36;
				FRAMEWORK_SEARCH_PATHS = (
					"$(inherited)",
					"$(PROJECT_DIR)/Carthage/Build/iOS",
				);
				INFOPLIST_FILE = Tests/Info.plist;
				LD_RUNPATH_SEARCH_PATHS = (
					"$(inherited)",
					"@executable_path/Frameworks",
					"@loader_path/Frameworks",
				);
				PRODUCT_BUNDLE_IDENTIFIER = "com.poikile.Tempus-RomanumTests";
				PRODUCT_NAME = "$(TARGET_NAME)";
				SWIFT_VERSION = 4.2;
				TARGETED_DEVICE_FAMILY = "1,2";
				TEST_HOST = "$(BUILT_PRODUCTS_DIR)/Tempus Romanum.app/Tempus Romanum";
			};
			name = Debug;
		};
		9621BF7D215C521C00C8EBB3 /* Release */ = {
			isa = XCBuildConfiguration;
			buildSettings = {
				ALWAYS_EMBED_SWIFT_STANDARD_LIBRARIES = YES;
				BUNDLE_LOADER = "$(TEST_HOST)";
				CODE_SIGN_STYLE = Automatic;
				DEVELOPMENT_TEAM = 3MY7LL9G36;
				FRAMEWORK_SEARCH_PATHS = (
					"$(inherited)",
					"$(PROJECT_DIR)/Carthage/Build/iOS",
				);
				INFOPLIST_FILE = Tests/Info.plist;
				LD_RUNPATH_SEARCH_PATHS = (
					"$(inherited)",
					"@executable_path/Frameworks",
					"@loader_path/Frameworks",
				);
				PRODUCT_BUNDLE_IDENTIFIER = "com.poikile.Tempus-RomanumTests";
				PRODUCT_NAME = "$(TARGET_NAME)";
				SWIFT_VERSION = 4.2;
				TARGETED_DEVICE_FAMILY = "1,2";
				TEST_HOST = "$(BUILT_PRODUCTS_DIR)/Tempus Romanum.app/Tempus Romanum";
			};
			name = Release;
		};
/* End XCBuildConfiguration section */

/* Begin XCConfigurationList section */
		9621BF21215C521700C8EBB3 /* Build configuration list for PBXProject "Tempus Romanum" */ = {
			isa = XCConfigurationList;
			buildConfigurations = (
				9621BF6E215C521C00C8EBB3 /* Debug */,
				9621BF6F215C521C00C8EBB3 /* Release */,
			);
			defaultConfigurationIsVisible = 0;
			defaultConfigurationName = Release;
		};
		9621BF78215C521C00C8EBB3 /* Build configuration list for PBXNativeTarget "Tempus Romanum" */ = {
			isa = XCConfigurationList;
			buildConfigurations = (
				9621BF79215C521C00C8EBB3 /* Debug */,
				9621BF7A215C521C00C8EBB3 /* Release */,
			);
			defaultConfigurationIsVisible = 0;
			defaultConfigurationName = Release;
		};
		9621BF7B215C521C00C8EBB3 /* Build configuration list for PBXNativeTarget "Tempus RomanumTests" */ = {
			isa = XCConfigurationList;
			buildConfigurations = (
				9621BF7C215C521C00C8EBB3 /* Debug */,
				9621BF7D215C521C00C8EBB3 /* Release */,
			);
			defaultConfigurationIsVisible = 0;
			defaultConfigurationName = Release;
		};
/* End XCConfigurationList section */
	};
	rootObject = 9621BF1E215C521700C8EBB3 /* Project object */;
}
