// !$*UTF8*$!
{
	archiveVersion = 1;
	classes = {
	};
	objectVersion = 50;
	objects = {

/* Begin PBXBuildFile section */
		9621BF2A215C521800C8EBB3 /* AppDelegate.swift in Sources */ = {isa = PBXBuildFile; fileRef = 9621BF29215C521800C8EBB3 /* AppDelegate.swift */; };
		9621BF2C215C521800C8EBB3 /* ViewController.swift in Sources */ = {isa = PBXBuildFile; fileRef = 9621BF2B215C521800C8EBB3 /* ViewController.swift */; };
		9621BF2F215C521800C8EBB3 /* Main.storyboard in Resources */ = {isa = PBXBuildFile; fileRef = 9621BF2D215C521800C8EBB3 /* Main.storyboard */; };
		9621BF31215C521A00C8EBB3 /* Assets.xcassets in Resources */ = {isa = PBXBuildFile; fileRef = 9621BF30215C521A00C8EBB3 /* Assets.xcassets */; };
		9621BF34215C521A00C8EBB3 /* LaunchScreen.storyboard in Resources */ = {isa = PBXBuildFile; fileRef = 9621BF32215C521A00C8EBB3 /* LaunchScreen.storyboard */; };
		9621BF3F215C521A00C8EBB3 /* Tempus_RomanumTests.swift in Sources */ = {isa = PBXBuildFile; fileRef = 9621BF3E215C521A00C8EBB3 /* Tempus_RomanumTests.swift */; };
		9621BF4A215C521A00C8EBB3 /* Tempus_RomanumUITests.swift in Sources */ = {isa = PBXBuildFile; fileRef = 9621BF49215C521A00C8EBB3 /* Tempus_RomanumUITests.swift */; };
		9621BF4F215C521A00C8EBB3 /* Tempus Romanum WatchKit App.app in Embed Watch Content */ = {isa = PBXBuildFile; fileRef = 9621BF4E215C521A00C8EBB3 /* Tempus Romanum WatchKit App.app */; };
		9621BF55215C521A00C8EBB3 /* Interface.storyboard in Resources */ = {isa = PBXBuildFile; fileRef = 9621BF53215C521A00C8EBB3 /* Interface.storyboard */; };
		9621BF57215C521B00C8EBB3 /* Assets.xcassets in Resources */ = {isa = PBXBuildFile; fileRef = 9621BF56215C521B00C8EBB3 /* Assets.xcassets */; };
		9621BF5E215C521B00C8EBB3 /* Tempus Romanum WatchKit Extension.appex in Embed App Extensions */ = {isa = PBXBuildFile; fileRef = 9621BF5D215C521B00C8EBB3 /* Tempus Romanum WatchKit Extension.appex */; settings = {ATTRIBUTES = (RemoveHeadersOnCopy, ); }; };
		9621BF63215C521B00C8EBB3 /* InterfaceController.swift in Sources */ = {isa = PBXBuildFile; fileRef = 9621BF62215C521B00C8EBB3 /* InterfaceController.swift */; };
		9621BF65215C521B00C8EBB3 /* ExtensionDelegate.swift in Sources */ = {isa = PBXBuildFile; fileRef = 9621BF64215C521B00C8EBB3 /* ExtensionDelegate.swift */; };
		9621BF67215C521B00C8EBB3 /* NotificationController.swift in Sources */ = {isa = PBXBuildFile; fileRef = 9621BF66215C521B00C8EBB3 /* NotificationController.swift */; };
		9621BF69215C521B00C8EBB3 /* ComplicationController.swift in Sources */ = {isa = PBXBuildFile; fileRef = 9621BF68215C521B00C8EBB3 /* ComplicationController.swift */; };
		9621BF6B215C521C00C8EBB3 /* Assets.xcassets in Resources */ = {isa = PBXBuildFile; fileRef = 9621BF6A215C521C00C8EBB3 /* Assets.xcassets */; };
		964C2B8E215DC91400FC3B11 /* Tevye.swift in Sources */ = {isa = PBXBuildFile; fileRef = 964C2B8D215DC91400FC3B11 /* Tevye.swift */; };
		96DCE691216458AE00E6A95F /* DegreesMinutesSecondsFormatter.swift in Sources */ = {isa = PBXBuildFile; fileRef = 96DCE690216458AE00E6A95F /* DegreesMinutesSecondsFormatter.swift */; };
		96DCE694216474F300E6A95F /* Stylobate.framework in Frameworks */ = {isa = PBXBuildFile; fileRef = 96DCE692216474F300E6A95F /* Stylobate.framework */; };
		96DCE695216474F300E6A95F /* Stylobate.framework in Embed Frameworks */ = {isa = PBXBuildFile; fileRef = 96DCE692216474F300E6A95F /* Stylobate.framework */; settings = {ATTRIBUTES = (CodeSignOnCopy, RemoveHeadersOnCopy, ); }; };
		96DCE696216474F300E6A95F /* PromiseKit.framework in Frameworks */ = {isa = PBXBuildFile; fileRef = 96DCE693216474F300E6A95F /* PromiseKit.framework */; };
		96DCE697216474F300E6A95F /* PromiseKit.framework in Embed Frameworks */ = {isa = PBXBuildFile; fileRef = 96DCE693216474F300E6A95F /* PromiseKit.framework */; settings = {ATTRIBUTES = (CodeSignOnCopy, RemoveHeadersOnCopy, ); }; };
		96DCE69A2166FEA100E6A95F /* PMKFoundation.framework in Frameworks */ = {isa = PBXBuildFile; fileRef = 96DCE6982166FEA100E6A95F /* PMKFoundation.framework */; };
		96DCE69B2166FEA100E6A95F /* PMKFoundation.framework in Embed Frameworks */ = {isa = PBXBuildFile; fileRef = 96DCE6982166FEA100E6A95F /* PMKFoundation.framework */; settings = {ATTRIBUTES = (CodeSignOnCopy, RemoveHeadersOnCopy, ); }; };
		96DCE69C2166FEA100E6A95F /* PMKCoreLocation.framework in Frameworks */ = {isa = PBXBuildFile; fileRef = 96DCE6992166FEA100E6A95F /* PMKCoreLocation.framework */; };
		96DCE69D2166FEA100E6A95F /* PMKCoreLocation.framework in Embed Frameworks */ = {isa = PBXBuildFile; fileRef = 96DCE6992166FEA100E6A95F /* PMKCoreLocation.framework */; settings = {ATTRIBUTES = (CodeSignOnCopy, RemoveHeadersOnCopy, ); }; };
		96DCE69F216C45C600E6A95F /* SolarAndLunarData.swift in Sources */ = {isa = PBXBuildFile; fileRef = 96DCE69E216C45C600E6A95F /* SolarAndLunarData.swift */; };
/* End PBXBuildFile section */

/* Begin PBXContainerItemProxy section */
		9621BF3B215C521A00C8EBB3 /* PBXContainerItemProxy */ = {
			isa = PBXContainerItemProxy;
			containerPortal = 9621BF1E215C521700C8EBB3 /* Project object */;
			proxyType = 1;
			remoteGlobalIDString = 9621BF25215C521800C8EBB3;
			remoteInfo = "Tempus Romanum";
		};
		9621BF46215C521A00C8EBB3 /* PBXContainerItemProxy */ = {
			isa = PBXContainerItemProxy;
			containerPortal = 9621BF1E215C521700C8EBB3 /* Project object */;
			proxyType = 1;
			remoteGlobalIDString = 9621BF25215C521800C8EBB3;
			remoteInfo = "Tempus Romanum";
		};
		9621BF50215C521A00C8EBB3 /* PBXContainerItemProxy */ = {
			isa = PBXContainerItemProxy;
			containerPortal = 9621BF1E215C521700C8EBB3 /* Project object */;
			proxyType = 1;
			remoteGlobalIDString = 9621BF4D215C521A00C8EBB3;
			remoteInfo = "Tempus Romanum WatchKit App";
		};
		9621BF5F215C521B00C8EBB3 /* PBXContainerItemProxy */ = {
			isa = PBXContainerItemProxy;
			containerPortal = 9621BF1E215C521700C8EBB3 /* Project object */;
			proxyType = 1;
			remoteGlobalIDString = 9621BF5C215C521B00C8EBB3;
			remoteInfo = "Tempus Romanum WatchKit Extension";
		};
/* End PBXContainerItemProxy section */

/* Begin PBXCopyFilesBuildPhase section */
		9621BF73215C521C00C8EBB3 /* Embed App Extensions */ = {
			isa = PBXCopyFilesBuildPhase;
			buildActionMask = 2147483647;
			dstPath = "";
			dstSubfolderSpec = 13;
			files = (
				9621BF5E215C521B00C8EBB3 /* Tempus Romanum WatchKit Extension.appex in Embed App Extensions */,
			);
			name = "Embed App Extensions";
			runOnlyForDeploymentPostprocessing = 0;
		};
		9621BF77215C521C00C8EBB3 /* Embed Watch Content */ = {
			isa = PBXCopyFilesBuildPhase;
			buildActionMask = 2147483647;
			dstPath = "$(CONTENTS_FOLDER_PATH)/Watch";
			dstSubfolderSpec = 16;
			files = (
				9621BF4F215C521A00C8EBB3 /* Tempus Romanum WatchKit App.app in Embed Watch Content */,
			);
			name = "Embed Watch Content";
			runOnlyForDeploymentPostprocessing = 0;
		};
		96DCE68B21644FE700E6A95F /* Embed Frameworks */ = {
			isa = PBXCopyFilesBuildPhase;
			buildActionMask = 2147483647;
			dstPath = "";
			dstSubfolderSpec = 10;
			files = (
				96DCE695216474F300E6A95F /* Stylobate.framework in Embed Frameworks */,
				96DCE69B2166FEA100E6A95F /* PMKFoundation.framework in Embed Frameworks */,
				96DCE697216474F300E6A95F /* PromiseKit.framework in Embed Frameworks */,
				96DCE69D2166FEA100E6A95F /* PMKCoreLocation.framework in Embed Frameworks */,
			);
			name = "Embed Frameworks";
			runOnlyForDeploymentPostprocessing = 0;
		};
/* End PBXCopyFilesBuildPhase section */

/* Begin PBXFileReference section */
		9621BF26215C521800C8EBB3 /* Tempus Romanum.app */ = {isa = PBXFileReference; explicitFileType = wrapper.application; includeInIndex = 0; path = "Tempus Romanum.app"; sourceTree = BUILT_PRODUCTS_DIR; };
		9621BF29215C521800C8EBB3 /* AppDelegate.swift */ = {isa = PBXFileReference; lastKnownFileType = sourcecode.swift; path = AppDelegate.swift; sourceTree = "<group>"; };
		9621BF2B215C521800C8EBB3 /* ViewController.swift */ = {isa = PBXFileReference; lastKnownFileType = sourcecode.swift; path = ViewController.swift; sourceTree = "<group>"; };
		9621BF2E215C521800C8EBB3 /* Base */ = {isa = PBXFileReference; lastKnownFileType = file.storyboard; name = Base; path = Base.lproj/Main.storyboard; sourceTree = "<group>"; };
		9621BF30215C521A00C8EBB3 /* Assets.xcassets */ = {isa = PBXFileReference; lastKnownFileType = folder.assetcatalog; path = Assets.xcassets; sourceTree = "<group>"; };
		9621BF33215C521A00C8EBB3 /* Base */ = {isa = PBXFileReference; lastKnownFileType = file.storyboard; name = Base; path = Base.lproj/LaunchScreen.storyboard; sourceTree = "<group>"; };
		9621BF35215C521A00C8EBB3 /* Info.plist */ = {isa = PBXFileReference; lastKnownFileType = text.plist.xml; path = Info.plist; sourceTree = "<group>"; };
		9621BF3A215C521A00C8EBB3 /* Tempus RomanumTests.xctest */ = {isa = PBXFileReference; explicitFileType = wrapper.cfbundle; includeInIndex = 0; path = "Tempus RomanumTests.xctest"; sourceTree = BUILT_PRODUCTS_DIR; };
		9621BF3E215C521A00C8EBB3 /* Tempus_RomanumTests.swift */ = {isa = PBXFileReference; lastKnownFileType = sourcecode.swift; path = Tempus_RomanumTests.swift; sourceTree = "<group>"; };
		9621BF40215C521A00C8EBB3 /* Info.plist */ = {isa = PBXFileReference; lastKnownFileType = text.plist.xml; path = Info.plist; sourceTree = "<group>"; };
		9621BF45215C521A00C8EBB3 /* Tempus RomanumUITests.xctest */ = {isa = PBXFileReference; explicitFileType = wrapper.cfbundle; includeInIndex = 0; path = "Tempus RomanumUITests.xctest"; sourceTree = BUILT_PRODUCTS_DIR; };
		9621BF49215C521A00C8EBB3 /* Tempus_RomanumUITests.swift */ = {isa = PBXFileReference; lastKnownFileType = sourcecode.swift; path = Tempus_RomanumUITests.swift; sourceTree = "<group>"; };
		9621BF4B215C521A00C8EBB3 /* Info.plist */ = {isa = PBXFileReference; lastKnownFileType = text.plist.xml; path = Info.plist; sourceTree = "<group>"; };
		9621BF4E215C521A00C8EBB3 /* Tempus Romanum WatchKit App.app */ = {isa = PBXFileReference; explicitFileType = wrapper.application; includeInIndex = 0; path = "Tempus Romanum WatchKit App.app"; sourceTree = BUILT_PRODUCTS_DIR; };
		9621BF54215C521A00C8EBB3 /* Base */ = {isa = PBXFileReference; lastKnownFileType = file.storyboard; name = Base; path = Base.lproj/Interface.storyboard; sourceTree = "<group>"; };
		9621BF56215C521B00C8EBB3 /* Assets.xcassets */ = {isa = PBXFileReference; lastKnownFileType = folder.assetcatalog; path = Assets.xcassets; sourceTree = "<group>"; };
		9621BF58215C521B00C8EBB3 /* Info.plist */ = {isa = PBXFileReference; lastKnownFileType = text.plist.xml; path = Info.plist; sourceTree = "<group>"; };
		9621BF5D215C521B00C8EBB3 /* Tempus Romanum WatchKit Extension.appex */ = {isa = PBXFileReference; explicitFileType = "wrapper.app-extension"; includeInIndex = 0; path = "Tempus Romanum WatchKit Extension.appex"; sourceTree = BUILT_PRODUCTS_DIR; };
		9621BF62215C521B00C8EBB3 /* InterfaceController.swift */ = {isa = PBXFileReference; lastKnownFileType = sourcecode.swift; path = InterfaceController.swift; sourceTree = "<group>"; };
		9621BF64215C521B00C8EBB3 /* ExtensionDelegate.swift */ = {isa = PBXFileReference; lastKnownFileType = sourcecode.swift; path = ExtensionDelegate.swift; sourceTree = "<group>"; };
		9621BF66215C521B00C8EBB3 /* NotificationController.swift */ = {isa = PBXFileReference; lastKnownFileType = sourcecode.swift; path = NotificationController.swift; sourceTree = "<group>"; };
		9621BF68215C521B00C8EBB3 /* ComplicationController.swift */ = {isa = PBXFileReference; lastKnownFileType = sourcecode.swift; path = ComplicationController.swift; sourceTree = "<group>"; };
		9621BF6A215C521C00C8EBB3 /* Assets.xcassets */ = {isa = PBXFileReference; lastKnownFileType = folder.assetcatalog; path = Assets.xcassets; sourceTree = "<group>"; };
		9621BF6C215C521C00C8EBB3 /* Info.plist */ = {isa = PBXFileReference; lastKnownFileType = text.plist.xml; path = Info.plist; sourceTree = "<group>"; };
		9621BF6D215C521C00C8EBB3 /* PushNotificationPayload.apns */ = {isa = PBXFileReference; lastKnownFileType = text; path = PushNotificationPayload.apns; sourceTree = "<group>"; };
		964C2B8D215DC91400FC3B11 /* Tevye.swift */ = {isa = PBXFileReference; lastKnownFileType = sourcecode.swift; path = Tevye.swift; sourceTree = "<group>"; };
		96DCE690216458AE00E6A95F /* DegreesMinutesSecondsFormatter.swift */ = {isa = PBXFileReference; lastKnownFileType = sourcecode.swift; path = DegreesMinutesSecondsFormatter.swift; sourceTree = "<group>"; };
		96DCE692216474F300E6A95F /* Stylobate.framework */ = {isa = PBXFileReference; lastKnownFileType = wrapper.framework; name = Stylobate.framework; path = Carthage/Build/iOS/Stylobate.framework; sourceTree = "<group>"; };
		96DCE693216474F300E6A95F /* PromiseKit.framework */ = {isa = PBXFileReference; lastKnownFileType = wrapper.framework; name = PromiseKit.framework; path = Carthage/Build/iOS/PromiseKit.framework; sourceTree = "<group>"; };
		96DCE6982166FEA100E6A95F /* PMKFoundation.framework */ = {isa = PBXFileReference; lastKnownFileType = wrapper.framework; name = PMKFoundation.framework; path = Carthage/Build/iOS/PMKFoundation.framework; sourceTree = "<group>"; };
		96DCE6992166FEA100E6A95F /* PMKCoreLocation.framework */ = {isa = PBXFileReference; lastKnownFileType = wrapper.framework; name = PMKCoreLocation.framework; path = Carthage/Build/iOS/PMKCoreLocation.framework; sourceTree = "<group>"; };
		96DCE69E216C45C600E6A95F /* SolarAndLunarData.swift */ = {isa = PBXFileReference; lastKnownFileType = sourcecode.swift; path = SolarAndLunarData.swift; sourceTree = "<group>"; };
/* End PBXFileReference section */

/* Begin PBXFrameworksBuildPhase section */
		9621BF23215C521800C8EBB3 /* Frameworks */ = {
			isa = PBXFrameworksBuildPhase;
			buildActionMask = 2147483647;
			files = (
				96DCE694216474F300E6A95F /* Stylobate.framework in Frameworks */,
				96DCE69A2166FEA100E6A95F /* PMKFoundation.framework in Frameworks */,
				96DCE696216474F300E6A95F /* PromiseKit.framework in Frameworks */,
				96DCE69C2166FEA100E6A95F /* PMKCoreLocation.framework in Frameworks */,
			);
			runOnlyForDeploymentPostprocessing = 0;
		};
		9621BF37215C521A00C8EBB3 /* Frameworks */ = {
			isa = PBXFrameworksBuildPhase;
			buildActionMask = 2147483647;
			files = (
			);
			runOnlyForDeploymentPostprocessing = 0;
		};
		9621BF42215C521A00C8EBB3 /* Frameworks */ = {
			isa = PBXFrameworksBuildPhase;
			buildActionMask = 2147483647;
			files = (
			);
			runOnlyForDeploymentPostprocessing = 0;
		};
		9621BF5A215C521B00C8EBB3 /* Frameworks */ = {
			isa = PBXFrameworksBuildPhase;
			buildActionMask = 2147483647;
			files = (
			);
			runOnlyForDeploymentPostprocessing = 0;
		};
/* End PBXFrameworksBuildPhase section */

/* Begin PBXGroup section */
		9621BF1D215C521700C8EBB3 = {
			isa = PBXGroup;
			children = (
				9621BF28215C521800C8EBB3 /* Tempus Romanum */,
				9621BF3D215C521A00C8EBB3 /* Tempus RomanumTests */,
				9621BF48215C521A00C8EBB3 /* Tempus RomanumUITests */,
				9621BF52215C521A00C8EBB3 /* Tempus Romanum WatchKit App */,
				9621BF61215C521B00C8EBB3 /* Tempus Romanum WatchKit Extension */,
				96DCE6992166FEA100E6A95F /* PMKCoreLocation.framework */,
				96DCE6982166FEA100E6A95F /* PMKFoundation.framework */,
				96DCE693216474F300E6A95F /* PromiseKit.framework */,
				96DCE692216474F300E6A95F /* Stylobate.framework */,
				9621BF27215C521800C8EBB3 /* Products */,
			);
			sourceTree = "<group>";
		};
		9621BF27215C521800C8EBB3 /* Products */ = {
			isa = PBXGroup;
			children = (
				9621BF26215C521800C8EBB3 /* Tempus Romanum.app */,
				9621BF3A215C521A00C8EBB3 /* Tempus RomanumTests.xctest */,
				9621BF45215C521A00C8EBB3 /* Tempus RomanumUITests.xctest */,
				9621BF4E215C521A00C8EBB3 /* Tempus Romanum WatchKit App.app */,
				9621BF5D215C521B00C8EBB3 /* Tempus Romanum WatchKit Extension.appex */,
			);
			name = Products;
			sourceTree = "<group>";
		};
		9621BF28215C521800C8EBB3 /* Tempus Romanum */ = {
			isa = PBXGroup;
			children = (
				9621BF29215C521800C8EBB3 /* AppDelegate.swift */,
				9621BF30215C521A00C8EBB3 /* Assets.xcassets */,
				96DCE690216458AE00E6A95F /* DegreesMinutesSecondsFormatter.swift */,
				9621BF35215C521A00C8EBB3 /* Info.plist */,
				9621BF32215C521A00C8EBB3 /* LaunchScreen.storyboard */,
				9621BF2D215C521800C8EBB3 /* Main.storyboard */,
				964C2B8D215DC91400FC3B11 /* Tevye.swift */,
				9621BF2B215C521800C8EBB3 /* ViewController.swift */,
				96DCE69E216C45C600E6A95F /* SolarAndLunarData.swift */,
			);
			path = "Tempus Romanum";
			sourceTree = "<group>";
		};
		9621BF3D215C521A00C8EBB3 /* Tempus RomanumTests */ = {
			isa = PBXGroup;
			children = (
				9621BF40215C521A00C8EBB3 /* Info.plist */,
				9621BF3E215C521A00C8EBB3 /* Tempus_RomanumTests.swift */,
			);
			path = "Tempus RomanumTests";
			sourceTree = "<group>";
		};
		9621BF48215C521A00C8EBB3 /* Tempus RomanumUITests */ = {
			isa = PBXGroup;
			children = (
				9621BF4B215C521A00C8EBB3 /* Info.plist */,
				9621BF49215C521A00C8EBB3 /* Tempus_RomanumUITests.swift */,
			);
			path = "Tempus RomanumUITests";
			sourceTree = "<group>";
		};
		9621BF52215C521A00C8EBB3 /* Tempus Romanum WatchKit App */ = {
			isa = PBXGroup;
			children = (
				9621BF56215C521B00C8EBB3 /* Assets.xcassets */,
				9621BF58215C521B00C8EBB3 /* Info.plist */,
				9621BF53215C521A00C8EBB3 /* Interface.storyboard */,
			);
			path = "Tempus Romanum WatchKit App";
			sourceTree = "<group>";
		};
		9621BF61215C521B00C8EBB3 /* Tempus Romanum WatchKit Extension */ = {
			isa = PBXGroup;
			children = (
				9621BF6A215C521C00C8EBB3 /* Assets.xcassets */,
				9621BF68215C521B00C8EBB3 /* ComplicationController.swift */,
				9621BF64215C521B00C8EBB3 /* ExtensionDelegate.swift */,
				9621BF6C215C521C00C8EBB3 /* Info.plist */,
				9621BF62215C521B00C8EBB3 /* InterfaceController.swift */,
				9621BF66215C521B00C8EBB3 /* NotificationController.swift */,
				9621BF6D215C521C00C8EBB3 /* PushNotificationPayload.apns */,
			);
			path = "Tempus Romanum WatchKit Extension";
			sourceTree = "<group>";
		};
/* End PBXGroup section */

/* Begin PBXNativeTarget section */
		9621BF25215C521800C8EBB3 /* Tempus Romanum */ = {
			isa = PBXNativeTarget;
			buildConfigurationList = 9621BF78215C521C00C8EBB3 /* Build configuration list for PBXNativeTarget "Tempus Romanum" */;
			buildPhases = (
				9621BF22215C521800C8EBB3 /* Sources */,
				9621BF23215C521800C8EBB3 /* Frameworks */,
				9621BF24215C521800C8EBB3 /* Resources */,
				9621BF77215C521C00C8EBB3 /* Embed Watch Content */,
				96DCE68B21644FE700E6A95F /* Embed Frameworks */,
			);
			buildRules = (
			);
			dependencies = (
				9621BF51215C521A00C8EBB3 /* PBXTargetDependency */,
			);
			name = "Tempus Romanum";
			productName = "Tempus Romanum";
			productReference = 9621BF26215C521800C8EBB3 /* Tempus Romanum.app */;
			productType = "com.apple.product-type.application";
		};
		9621BF39215C521A00C8EBB3 /* Tempus RomanumTests */ = {
			isa = PBXNativeTarget;
			buildConfigurationList = 9621BF7B215C521C00C8EBB3 /* Build configuration list for PBXNativeTarget "Tempus RomanumTests" */;
			buildPhases = (
				9621BF36215C521A00C8EBB3 /* Sources */,
				9621BF37215C521A00C8EBB3 /* Frameworks */,
				9621BF38215C521A00C8EBB3 /* Resources */,
			);
			buildRules = (
			);
			dependencies = (
				9621BF3C215C521A00C8EBB3 /* PBXTargetDependency */,
			);
			name = "Tempus RomanumTests";
			productName = "Tempus RomanumTests";
			productReference = 9621BF3A215C521A00C8EBB3 /* Tempus RomanumTests.xctest */;
			productType = "com.apple.product-type.bundle.unit-test";
		};
		9621BF44215C521A00C8EBB3 /* Tempus RomanumUITests */ = {
			isa = PBXNativeTarget;
			buildConfigurationList = 9621BF7E215C521C00C8EBB3 /* Build configuration list for PBXNativeTarget "Tempus RomanumUITests" */;
			buildPhases = (
				9621BF41215C521A00C8EBB3 /* Sources */,
				9621BF42215C521A00C8EBB3 /* Frameworks */,
				9621BF43215C521A00C8EBB3 /* Resources */,
			);
			buildRules = (
			);
			dependencies = (
				9621BF47215C521A00C8EBB3 /* PBXTargetDependency */,
			);
			name = "Tempus RomanumUITests";
			productName = "Tempus RomanumUITests";
			productReference = 9621BF45215C521A00C8EBB3 /* Tempus RomanumUITests.xctest */;
			productType = "com.apple.product-type.bundle.ui-testing";
		};
		9621BF4D215C521A00C8EBB3 /* Tempus Romanum WatchKit App */ = {
			isa = PBXNativeTarget;
			buildConfigurationList = 9621BF74215C521C00C8EBB3 /* Build configuration list for PBXNativeTarget "Tempus Romanum WatchKit App" */;
			buildPhases = (
				9621BF4C215C521A00C8EBB3 /* Resources */,
				9621BF73215C521C00C8EBB3 /* Embed App Extensions */,
			);
			buildRules = (
			);
			dependencies = (
				9621BF60215C521B00C8EBB3 /* PBXTargetDependency */,
			);
			name = "Tempus Romanum WatchKit App";
			productName = "Tempus Romanum WatchKit App";
			productReference = 9621BF4E215C521A00C8EBB3 /* Tempus Romanum WatchKit App.app */;
			productType = "com.apple.product-type.application.watchapp2";
		};
		9621BF5C215C521B00C8EBB3 /* Tempus Romanum WatchKit Extension */ = {
			isa = PBXNativeTarget;
			buildConfigurationList = 9621BF70215C521C00C8EBB3 /* Build configuration list for PBXNativeTarget "Tempus Romanum WatchKit Extension" */;
			buildPhases = (
				9621BF59215C521B00C8EBB3 /* Sources */,
				9621BF5A215C521B00C8EBB3 /* Frameworks */,
				9621BF5B215C521B00C8EBB3 /* Resources */,
			);
			buildRules = (
			);
			dependencies = (
			);
			name = "Tempus Romanum WatchKit Extension";
			productName = "Tempus Romanum WatchKit Extension";
			productReference = 9621BF5D215C521B00C8EBB3 /* Tempus Romanum WatchKit Extension.appex */;
			productType = "com.apple.product-type.watchkit2-extension";
		};
/* End PBXNativeTarget section */

/* Begin PBXProject section */
		9621BF1E215C521700C8EBB3 /* Project object */ = {
			isa = PBXProject;
			attributes = {
				LastSwiftUpdateCheck = 1000;
				LastUpgradeCheck = 1000;
				ORGANIZATIONNAME = "Poikile Creations";
				TargetAttributes = {
					9621BF25215C521800C8EBB3 = {
						CreatedOnToolsVersion = 10.0;
					};
					9621BF39215C521A00C8EBB3 = {
						CreatedOnToolsVersion = 10.0;
						TestTargetID = 9621BF25215C521800C8EBB3;
					};
					9621BF44215C521A00C8EBB3 = {
						CreatedOnToolsVersion = 10.0;
						TestTargetID = 9621BF25215C521800C8EBB3;
					};
					9621BF4D215C521A00C8EBB3 = {
						CreatedOnToolsVersion = 10.0;
					};
					9621BF5C215C521B00C8EBB3 = {
						CreatedOnToolsVersion = 10.0;
					};
				};
			};
			buildConfigurationList = 9621BF21215C521700C8EBB3 /* Build configuration list for PBXProject "Tempus Romanum" */;
			compatibilityVersion = "Xcode 9.3";
			developmentRegion = en;
			hasScannedForEncodings = 0;
			knownRegions = (
				en,
				Base,
			);
			mainGroup = 9621BF1D215C521700C8EBB3;
			productRefGroup = 9621BF27215C521800C8EBB3 /* Products */;
			projectDirPath = "";
			projectRoot = "";
			targets = (
				9621BF25215C521800C8EBB3 /* Tempus Romanum */,
				9621BF39215C521A00C8EBB3 /* Tempus RomanumTests */,
				9621BF44215C521A00C8EBB3 /* Tempus RomanumUITests */,
				9621BF4D215C521A00C8EBB3 /* Tempus Romanum WatchKit App */,
				9621BF5C215C521B00C8EBB3 /* Tempus Romanum WatchKit Extension */,
			);
		};
/* End PBXProject section */

/* Begin PBXResourcesBuildPhase section */
		9621BF24215C521800C8EBB3 /* Resources */ = {
			isa = PBXResourcesBuildPhase;
			buildActionMask = 2147483647;
			files = (
				9621BF34215C521A00C8EBB3 /* LaunchScreen.storyboard in Resources */,
				9621BF31215C521A00C8EBB3 /* Assets.xcassets in Resources */,
				9621BF2F215C521800C8EBB3 /* Main.storyboard in Resources */,
			);
			runOnlyForDeploymentPostprocessing = 0;
		};
		9621BF38215C521A00C8EBB3 /* Resources */ = {
			isa = PBXResourcesBuildPhase;
			buildActionMask = 2147483647;
			files = (
			);
			runOnlyForDeploymentPostprocessing = 0;
		};
		9621BF43215C521A00C8EBB3 /* Resources */ = {
			isa = PBXResourcesBuildPhase;
			buildActionMask = 2147483647;
			files = (
			);
			runOnlyForDeploymentPostprocessing = 0;
		};
		9621BF4C215C521A00C8EBB3 /* Resources */ = {
			isa = PBXResourcesBuildPhase;
			buildActionMask = 2147483647;
			files = (
				9621BF57215C521B00C8EBB3 /* Assets.xcassets in Resources */,
				9621BF55215C521A00C8EBB3 /* Interface.storyboard in Resources */,
			);
			runOnlyForDeploymentPostprocessing = 0;
		};
		9621BF5B215C521B00C8EBB3 /* Resources */ = {
			isa = PBXResourcesBuildPhase;
			buildActionMask = 2147483647;
			files = (
				9621BF6B215C521C00C8EBB3 /* Assets.xcassets in Resources */,
			);
			runOnlyForDeploymentPostprocessing = 0;
		};
/* End PBXResourcesBuildPhase section */

/* Begin PBXSourcesBuildPhase section */
		9621BF22215C521800C8EBB3 /* Sources */ = {
			isa = PBXSourcesBuildPhase;
			buildActionMask = 2147483647;
			files = (
				964C2B8E215DC91400FC3B11 /* Tevye.swift in Sources */,
				96DCE69F216C45C600E6A95F /* SolarAndLunarData.swift in Sources */,
				9621BF2C215C521800C8EBB3 /* ViewController.swift in Sources */,
				96DCE691216458AE00E6A95F /* DegreesMinutesSecondsFormatter.swift in Sources */,
				9621BF2A215C521800C8EBB3 /* AppDelegate.swift in Sources */,
			);
			runOnlyForDeploymentPostprocessing = 0;
		};
		9621BF36215C521A00C8EBB3 /* Sources */ = {
			isa = PBXSourcesBuildPhase;
			buildActionMask = 2147483647;
			files = (
				9621BF3F215C521A00C8EBB3 /* Tempus_RomanumTests.swift in Sources */,
			);
			runOnlyForDeploymentPostprocessing = 0;
		};
		9621BF41215C521A00C8EBB3 /* Sources */ = {
			isa = PBXSourcesBuildPhase;
			buildActionMask = 2147483647;
			files = (
				9621BF4A215C521A00C8EBB3 /* Tempus_RomanumUITests.swift in Sources */,
			);
			runOnlyForDeploymentPostprocessing = 0;
		};
		9621BF59215C521B00C8EBB3 /* Sources */ = {
			isa = PBXSourcesBuildPhase;
			buildActionMask = 2147483647;
			files = (
				9621BF67215C521B00C8EBB3 /* NotificationController.swift in Sources */,
				9621BF69215C521B00C8EBB3 /* ComplicationController.swift in Sources */,
				9621BF65215C521B00C8EBB3 /* ExtensionDelegate.swift in Sources */,
				9621BF63215C521B00C8EBB3 /* InterfaceController.swift in Sources */,
			);
			runOnlyForDeploymentPostprocessing = 0;
		};
/* End PBXSourcesBuildPhase section */

/* Begin PBXTargetDependency section */
		9621BF3C215C521A00C8EBB3 /* PBXTargetDependency */ = {
			isa = PBXTargetDependency;
			target = 9621BF25215C521800C8EBB3 /* Tempus Romanum */;
			targetProxy = 9621BF3B215C521A00C8EBB3 /* PBXContainerItemProxy */;
		};
		9621BF47215C521A00C8EBB3 /* PBXTargetDependency */ = {
			isa = PBXTargetDependency;
			target = 9621BF25215C521800C8EBB3 /* Tempus Romanum */;
			targetProxy = 9621BF46215C521A00C8EBB3 /* PBXContainerItemProxy */;
		};
		9621BF51215C521A00C8EBB3 /* PBXTargetDependency */ = {
			isa = PBXTargetDependency;
			target = 9621BF4D215C521A00C8EBB3 /* Tempus Romanum WatchKit App */;
			targetProxy = 9621BF50215C521A00C8EBB3 /* PBXContainerItemProxy */;
		};
		9621BF60215C521B00C8EBB3 /* PBXTargetDependency */ = {
			isa = PBXTargetDependency;
			target = 9621BF5C215C521B00C8EBB3 /* Tempus Romanum WatchKit Extension */;
			targetProxy = 9621BF5F215C521B00C8EBB3 /* PBXContainerItemProxy */;
		};
/* End PBXTargetDependency section */

/* Begin PBXVariantGroup section */
		9621BF2D215C521800C8EBB3 /* Main.storyboard */ = {
			isa = PBXVariantGroup;
			children = (
				9621BF2E215C521800C8EBB3 /* Base */,
			);
			name = Main.storyboard;
			sourceTree = "<group>";
		};
		9621BF32215C521A00C8EBB3 /* LaunchScreen.storyboard */ = {
			isa = PBXVariantGroup;
			children = (
				9621BF33215C521A00C8EBB3 /* Base */,
			);
			name = LaunchScreen.storyboard;
			sourceTree = "<group>";
		};
		9621BF53215C521A00C8EBB3 /* Interface.storyboard */ = {
			isa = PBXVariantGroup;
			children = (
				9621BF54215C521A00C8EBB3 /* Base */,
			);
			name = Interface.storyboard;
			sourceTree = "<group>";
		};
/* End PBXVariantGroup section */

/* Begin XCBuildConfiguration section */
		9621BF6E215C521C00C8EBB3 /* Debug */ = {
			isa = XCBuildConfiguration;
			buildSettings = {
				ALWAYS_SEARCH_USER_PATHS = NO;
				CLANG_ANALYZER_NONNULL = YES;
				CLANG_ANALYZER_NUMBER_OBJECT_CONVERSION = YES_AGGRESSIVE;
				CLANG_CXX_LANGUAGE_STANDARD = "gnu++14";
				CLANG_CXX_LIBRARY = "libc++";
				CLANG_ENABLE_MODULES = YES;
				CLANG_ENABLE_OBJC_ARC = YES;
				CLANG_ENABLE_OBJC_WEAK = YES;
				CLANG_WARN_BLOCK_CAPTURE_AUTORELEASING = YES;
				CLANG_WARN_BOOL_CONVERSION = YES;
				CLANG_WARN_COMMA = YES;
				CLANG_WARN_CONSTANT_CONVERSION = YES;
				CLANG_WARN_DEPRECATED_OBJC_IMPLEMENTATIONS = YES;
				CLANG_WARN_DIRECT_OBJC_ISA_USAGE = YES_ERROR;
				CLANG_WARN_DOCUMENTATION_COMMENTS = YES;
				CLANG_WARN_EMPTY_BODY = YES;
				CLANG_WARN_ENUM_CONVERSION = YES;
				CLANG_WARN_INFINITE_RECURSION = YES;
				CLANG_WARN_INT_CONVERSION = YES;
				CLANG_WARN_NON_LITERAL_NULL_CONVERSION = YES;
				CLANG_WARN_OBJC_IMPLICIT_RETAIN_SELF = YES;
				CLANG_WARN_OBJC_LITERAL_CONVERSION = YES;
				CLANG_WARN_OBJC_ROOT_CLASS = YES_ERROR;
				CLANG_WARN_RANGE_LOOP_ANALYSIS = YES;
				CLANG_WARN_STRICT_PROTOTYPES = YES;
				CLANG_WARN_SUSPICIOUS_MOVE = YES;
				CLANG_WARN_UNGUARDED_AVAILABILITY = YES_AGGRESSIVE;
				CLANG_WARN_UNREACHABLE_CODE = YES;
				CLANG_WARN__DUPLICATE_METHOD_MATCH = YES;
				CODE_SIGN_IDENTITY = "iPhone Developer";
				COPY_PHASE_STRIP = NO;
				DEBUG_INFORMATION_FORMAT = dwarf;
				ENABLE_STRICT_OBJC_MSGSEND = YES;
				ENABLE_TESTABILITY = YES;
				GCC_C_LANGUAGE_STANDARD = gnu11;
				GCC_DYNAMIC_NO_PIC = NO;
				GCC_NO_COMMON_BLOCKS = YES;
				GCC_OPTIMIZATION_LEVEL = 0;
				GCC_PREPROCESSOR_DEFINITIONS = (
					"DEBUG=1",
					"$(inherited)",
				);
				GCC_WARN_64_TO_32_BIT_CONVERSION = YES;
				GCC_WARN_ABOUT_RETURN_TYPE = YES_ERROR;
				GCC_WARN_UNDECLARED_SELECTOR = YES;
				GCC_WARN_UNINITIALIZED_AUTOS = YES_AGGRESSIVE;
				GCC_WARN_UNUSED_FUNCTION = YES;
				GCC_WARN_UNUSED_VARIABLE = YES;
				IPHONEOS_DEPLOYMENT_TARGET = 12.0;
				MTL_ENABLE_DEBUG_INFO = INCLUDE_SOURCE;
				MTL_FAST_MATH = YES;
				ONLY_ACTIVE_ARCH = YES;
				SDKROOT = iphoneos;
				SWIFT_ACTIVE_COMPILATION_CONDITIONS = DEBUG;
				SWIFT_OPTIMIZATION_LEVEL = "-Onone";
			};
			name = Debug;
		};
		9621BF6F215C521C00C8EBB3 /* Release */ = {
			isa = XCBuildConfiguration;
			buildSettings = {
				ALWAYS_SEARCH_USER_PATHS = NO;
				CLANG_ANALYZER_NONNULL = YES;
				CLANG_ANALYZER_NUMBER_OBJECT_CONVERSION = YES_AGGRESSIVE;
				CLANG_CXX_LANGUAGE_STANDARD = "gnu++14";
				CLANG_CXX_LIBRARY = "libc++";
				CLANG_ENABLE_MODULES = YES;
				CLANG_ENABLE_OBJC_ARC = YES;
				CLANG_ENABLE_OBJC_WEAK = YES;
				CLANG_WARN_BLOCK_CAPTURE_AUTORELEASING = YES;
				CLANG_WARN_BOOL_CONVERSION = YES;
				CLANG_WARN_COMMA = YES;
				CLANG_WARN_CONSTANT_CONVERSION = YES;
				CLANG_WARN_DEPRECATED_OBJC_IMPLEMENTATIONS = YES;
				CLANG_WARN_DIRECT_OBJC_ISA_USAGE = YES_ERROR;
				CLANG_WARN_DOCUMENTATION_COMMENTS = YES;
				CLANG_WARN_EMPTY_BODY = YES;
				CLANG_WARN_ENUM_CONVERSION = YES;
				CLANG_WARN_INFINITE_RECURSION = YES;
				CLANG_WARN_INT_CONVERSION = YES;
				CLANG_WARN_NON_LITERAL_NULL_CONVERSION = YES;
				CLANG_WARN_OBJC_IMPLICIT_RETAIN_SELF = YES;
				CLANG_WARN_OBJC_LITERAL_CONVERSION = YES;
				CLANG_WARN_OBJC_ROOT_CLASS = YES_ERROR;
				CLANG_WARN_RANGE_LOOP_ANALYSIS = YES;
				CLANG_WARN_STRICT_PROTOTYPES = YES;
				CLANG_WARN_SUSPICIOUS_MOVE = YES;
				CLANG_WARN_UNGUARDED_AVAILABILITY = YES_AGGRESSIVE;
				CLANG_WARN_UNREACHABLE_CODE = YES;
				CLANG_WARN__DUPLICATE_METHOD_MATCH = YES;
				CODE_SIGN_IDENTITY = "iPhone Developer";
				COPY_PHASE_STRIP = NO;
				DEBUG_INFORMATION_FORMAT = "dwarf-with-dsym";
				ENABLE_NS_ASSERTIONS = NO;
				ENABLE_STRICT_OBJC_MSGSEND = YES;
				GCC_C_LANGUAGE_STANDARD = gnu11;
				GCC_NO_COMMON_BLOCKS = YES;
				GCC_WARN_64_TO_32_BIT_CONVERSION = YES;
				GCC_WARN_ABOUT_RETURN_TYPE = YES_ERROR;
				GCC_WARN_UNDECLARED_SELECTOR = YES;
				GCC_WARN_UNINITIALIZED_AUTOS = YES_AGGRESSIVE;
				GCC_WARN_UNUSED_FUNCTION = YES;
				GCC_WARN_UNUSED_VARIABLE = YES;
				IPHONEOS_DEPLOYMENT_TARGET = 12.0;
				MTL_ENABLE_DEBUG_INFO = NO;
				MTL_FAST_MATH = YES;
				SDKROOT = iphoneos;
				SWIFT_COMPILATION_MODE = wholemodule;
				SWIFT_OPTIMIZATION_LEVEL = "-O";
				VALIDATE_PRODUCT = YES;
			};
			name = Release;
		};
		9621BF71215C521C00C8EBB3 /* Debug */ = {
			isa = XCBuildConfiguration;
			buildSettings = {
				ASSETCATALOG_COMPILER_COMPLICATION_NAME = Complication;
				CODE_SIGN_STYLE = Automatic;
				DEVELOPMENT_TEAM = 3MY7LL9G36;
				INFOPLIST_FILE = "Tempus Romanum WatchKit Extension/Info.plist";
				LD_RUNPATH_SEARCH_PATHS = (
					"$(inherited)",
					"@executable_path/Frameworks",
					"@executable_path/../../Frameworks",
				);
				PRODUCT_BUNDLE_IDENTIFIER = "com.poikile.Tempus-Romanum.watchkitapp.watchkitextension";
				PRODUCT_NAME = "${TARGET_NAME}";
				SDKROOT = watchos;
				SKIP_INSTALL = YES;
				SWIFT_VERSION = 4.2;
				TARGETED_DEVICE_FAMILY = 4;
				WATCHOS_DEPLOYMENT_TARGET = 5.0;
			};
			name = Debug;
		};
		9621BF72215C521C00C8EBB3 /* Release */ = {
			isa = XCBuildConfiguration;
			buildSettings = {
				ASSETCATALOG_COMPILER_COMPLICATION_NAME = Complication;
				CODE_SIGN_STYLE = Automatic;
				DEVELOPMENT_TEAM = 3MY7LL9G36;
				INFOPLIST_FILE = "Tempus Romanum WatchKit Extension/Info.plist";
				LD_RUNPATH_SEARCH_PATHS = (
					"$(inherited)",
					"@executable_path/Frameworks",
					"@executable_path/../../Frameworks",
				);
				PRODUCT_BUNDLE_IDENTIFIER = "com.poikile.Tempus-Romanum.watchkitapp.watchkitextension";
				PRODUCT_NAME = "${TARGET_NAME}";
				SDKROOT = watchos;
				SKIP_INSTALL = YES;
				SWIFT_VERSION = 4.2;
				TARGETED_DEVICE_FAMILY = 4;
				WATCHOS_DEPLOYMENT_TARGET = 5.0;
			};
			name = Release;
		};
		9621BF75215C521C00C8EBB3 /* Debug */ = {
			isa = XCBuildConfiguration;
			buildSettings = {
				ALWAYS_EMBED_SWIFT_STANDARD_LIBRARIES = YES;
				ASSETCATALOG_COMPILER_APPICON_NAME = AppIcon;
				CODE_SIGN_STYLE = Automatic;
				DEVELOPMENT_TEAM = 3MY7LL9G36;
				IBSC_MODULE = Tempus_Romanum_WatchKit_Extension;
				INFOPLIST_FILE = "Tempus Romanum WatchKit App/Info.plist";
				PRODUCT_BUNDLE_IDENTIFIER = "com.poikile.Tempus-Romanum.watchkitapp";
				PRODUCT_NAME = "$(TARGET_NAME)";
				SDKROOT = watchos;
				SKIP_INSTALL = YES;
				SWIFT_VERSION = 4.2;
				TARGETED_DEVICE_FAMILY = 4;
				WATCHOS_DEPLOYMENT_TARGET = 5.0;
			};
			name = Debug;
		};
		9621BF76215C521C00C8EBB3 /* Release */ = {
			isa = XCBuildConfiguration;
			buildSettings = {
				ALWAYS_EMBED_SWIFT_STANDARD_LIBRARIES = YES;
				ASSETCATALOG_COMPILER_APPICON_NAME = AppIcon;
				CODE_SIGN_STYLE = Automatic;
				DEVELOPMENT_TEAM = 3MY7LL9G36;
				IBSC_MODULE = Tempus_Romanum_WatchKit_Extension;
				INFOPLIST_FILE = "Tempus Romanum WatchKit App/Info.plist";
				PRODUCT_BUNDLE_IDENTIFIER = "com.poikile.Tempus-Romanum.watchkitapp";
				PRODUCT_NAME = "$(TARGET_NAME)";
				SDKROOT = watchos;
				SKIP_INSTALL = YES;
				SWIFT_VERSION = 4.2;
				TARGETED_DEVICE_FAMILY = 4;
				WATCHOS_DEPLOYMENT_TARGET = 5.0;
			};
			name = Release;
		};
		9621BF79215C521C00C8EBB3 /* Debug */ = {
			isa = XCBuildConfiguration;
			buildSettings = {
				ASSETCATALOG_COMPILER_APPICON_NAME = AppIcon;
				CODE_SIGN_STYLE = Automatic;
				DEVELOPMENT_TEAM = 3MY7LL9G36;
				FRAMEWORK_SEARCH_PATHS = (
					"$(inherited)",
					"$(PROJECT_DIR)/Carthage/Build/iOS",
				);
				INFOPLIST_FILE = "Tempus Romanum/Info.plist";
				LD_RUNPATH_SEARCH_PATHS = (
					"$(inherited)",
					"@executable_path/Frameworks",
				);
				PRODUCT_BUNDLE_IDENTIFIER = "com.poikile.Tempus-Romanum";
				PRODUCT_NAME = "$(TARGET_NAME)";
				SWIFT_VERSION = 4.2;
				TARGETED_DEVICE_FAMILY = "1,2";
			};
			name = Debug;
		};
		9621BF7A215C521C00C8EBB3 /* Release */ = {
			isa = XCBuildConfiguration;
			buildSettings = {
				ASSETCATALOG_COMPILER_APPICON_NAME = AppIcon;
				CODE_SIGN_STYLE = Automatic;
				DEVELOPMENT_TEAM = 3MY7LL9G36;
				FRAMEWORK_SEARCH_PATHS = (
					"$(inherited)",
					"$(PROJECT_DIR)/Carthage/Build/iOS",
				);
				INFOPLIST_FILE = "Tempus Romanum/Info.plist";
				LD_RUNPATH_SEARCH_PATHS = (
					"$(inherited)",
					"@executable_path/Frameworks",
				);
				PRODUCT_BUNDLE_IDENTIFIER = "com.poikile.Tempus-Romanum";
				PRODUCT_NAME = "$(TARGET_NAME)";
				SWIFT_VERSION = 4.2;
				TARGETED_DEVICE_FAMILY = "1,2";
			};
			name = Release;
		};
		9621BF7C215C521C00C8EBB3 /* Debug */ = {
			isa = XCBuildConfiguration;
			buildSettings = {
				ALWAYS_EMBED_SWIFT_STANDARD_LIBRARIES = YES;
				BUNDLE_LOADER = "$(TEST_HOST)";
				CODE_SIGN_STYLE = Automatic;
				DEVELOPMENT_TEAM = 3MY7LL9G36;
				INFOPLIST_FILE = "Tempus RomanumTests/Info.plist";
				LD_RUNPATH_SEARCH_PATHS = (
					"$(inherited)",
					"@executable_path/Frameworks",
					"@loader_path/Frameworks",
				);
				PRODUCT_BUNDLE_IDENTIFIER = "com.poikile.Tempus-RomanumTests";
				PRODUCT_NAME = "$(TARGET_NAME)";
				SWIFT_VERSION = 4.2;
				TARGETED_DEVICE_FAMILY = "1,2";
				TEST_HOST = "$(BUILT_PRODUCTS_DIR)/Tempus Romanum.app/Tempus Romanum";
			};
			name = Debug;
		};
		9621BF7D215C521C00C8EBB3 /* Release */ = {
			isa = XCBuildConfiguration;
			buildSettings = {
				ALWAYS_EMBED_SWIFT_STANDARD_LIBRARIES = YES;
				BUNDLE_LOADER = "$(TEST_HOST)";
				CODE_SIGN_STYLE = Automatic;
				DEVELOPMENT_TEAM = 3MY7LL9G36;
				INFOPLIST_FILE = "Tempus RomanumTests/Info.plist";
				LD_RUNPATH_SEARCH_PATHS = (
					"$(inherited)",
					"@executable_path/Frameworks",
					"@loader_path/Frameworks",
				);
				PRODUCT_BUNDLE_IDENTIFIER = "com.poikile.Tempus-RomanumTests";
				PRODUCT_NAME = "$(TARGET_NAME)";
				SWIFT_VERSION = 4.2;
				TARGETED_DEVICE_FAMILY = "1,2";
				TEST_HOST = "$(BUILT_PRODUCTS_DIR)/Tempus Romanum.app/Tempus Romanum";
			};
			name = Release;
		};
		9621BF7F215C521C00C8EBB3 /* Debug */ = {
			isa = XCBuildConfiguration;
			buildSettings = {
				ALWAYS_EMBED_SWIFT_STANDARD_LIBRARIES = YES;
				CODE_SIGN_STYLE = Automatic;
				DEVELOPMENT_TEAM = 3MY7LL9G36;
				INFOPLIST_FILE = "Tempus RomanumUITests/Info.plist";
				LD_RUNPATH_SEARCH_PATHS = (
					"$(inherited)",
					"@executable_path/Frameworks",
					"@loader_path/Frameworks",
				);
				PRODUCT_BUNDLE_IDENTIFIER = "com.poikile.Tempus-RomanumUITests";
				PRODUCT_NAME = "$(TARGET_NAME)";
				SWIFT_VERSION = 4.2;
				TARGETED_DEVICE_FAMILY = "1,2";
				TEST_TARGET_NAME = "Tempus Romanum";
			};
			name = Debug;
		};
		9621BF80215C521C00C8EBB3 /* Release */ = {
			isa = XCBuildConfiguration;
			buildSettings = {
				ALWAYS_EMBED_SWIFT_STANDARD_LIBRARIES = YES;
				CODE_SIGN_STYLE = Automatic;
				DEVELOPMENT_TEAM = 3MY7LL9G36;
				INFOPLIST_FILE = "Tempus RomanumUITests/Info.plist";
				LD_RUNPATH_SEARCH_PATHS = (
					"$(inherited)",
					"@executable_path/Frameworks",
					"@loader_path/Frameworks",
				);
				PRODUCT_BUNDLE_IDENTIFIER = "com.poikile.Tempus-RomanumUITests";
				PRODUCT_NAME = "$(TARGET_NAME)";
				SWIFT_VERSION = 4.2;
				TARGETED_DEVICE_FAMILY = "1,2";
				TEST_TARGET_NAME = "Tempus Romanum";
			};
			name = Release;
		};
/* End XCBuildConfiguration section */

/* Begin XCConfigurationList section */
		9621BF21215C521700C8EBB3 /* Build configuration list for PBXProject "Tempus Romanum" */ = {
			isa = XCConfigurationList;
			buildConfigurations = (
				9621BF6E215C521C00C8EBB3 /* Debug */,
				9621BF6F215C521C00C8EBB3 /* Release */,
			);
			defaultConfigurationIsVisible = 0;
			defaultConfigurationName = Release;
		};
		9621BF70215C521C00C8EBB3 /* Build configuration list for PBXNativeTarget "Tempus Romanum WatchKit Extension" */ = {
			isa = XCConfigurationList;
			buildConfigurations = (
				9621BF71215C521C00C8EBB3 /* Debug */,
				9621BF72215C521C00C8EBB3 /* Release */,
			);
			defaultConfigurationIsVisible = 0;
			defaultConfigurationName = Release;
		};
		9621BF74215C521C00C8EBB3 /* Build configuration list for PBXNativeTarget "Tempus Romanum WatchKit App" */ = {
			isa = XCConfigurationList;
			buildConfigurations = (
				9621BF75215C521C00C8EBB3 /* Debug */,
				9621BF76215C521C00C8EBB3 /* Release */,
			);
			defaultConfigurationIsVisible = 0;
			defaultConfigurationName = Release;
		};
		9621BF78215C521C00C8EBB3 /* Build configuration list for PBXNativeTarget "Tempus Romanum" */ = {
			isa = XCConfigurationList;
			buildConfigurations = (
				9621BF79215C521C00C8EBB3 /* Debug */,
				9621BF7A215C521C00C8EBB3 /* Release */,
			);
			defaultConfigurationIsVisible = 0;
			defaultConfigurationName = Release;
		};
		9621BF7B215C521C00C8EBB3 /* Build configuration list for PBXNativeTarget "Tempus RomanumTests" */ = {
			isa = XCConfigurationList;
			buildConfigurations = (
				9621BF7C215C521C00C8EBB3 /* Debug */,
				9621BF7D215C521C00C8EBB3 /* Release */,
			);
			defaultConfigurationIsVisible = 0;
			defaultConfigurationName = Release;
		};
		9621BF7E215C521C00C8EBB3 /* Build configuration list for PBXNativeTarget "Tempus RomanumUITests" */ = {
			isa = XCConfigurationList;
			buildConfigurations = (
				9621BF7F215C521C00C8EBB3 /* Debug */,
				9621BF80215C521C00C8EBB3 /* Release */,
			);
			defaultConfigurationIsVisible = 0;
			defaultConfigurationName = Release;
		};
/* End XCConfigurationList section */
	};
	rootObject = 9621BF1E215C521700C8EBB3 /* Project object */;
}
